// !$*UTF8*$!
{
	archiveVersion = 1;
	classes = {
	};
	objectVersion = 46;
	objects = {

/* Begin PBXBuildFile section */
		1AC6FB21180E996B004C840B /* libcocos2d Mac.a in Frameworks */ = {isa = PBXBuildFile; fileRef = 1AC6FAF9180E9839004C840B /* libcocos2d Mac.a */; };
		1AC6FB30180E99EB004C840B /* libcocos2d iOS.a in Frameworks */ = {isa = PBXBuildFile; fileRef = 1AC6FB07180E9839004C840B /* libcocos2d iOS.a */; };
		1D60589F0D05DD5A006BFB54 /* Foundation.framework in Frameworks */ = {isa = PBXBuildFile; fileRef = 1D30AB110D05D00D00671497 /* Foundation.framework */; };
		1DF5F4E00D08C38300B7A737 /* UIKit.framework in Frameworks */ = {isa = PBXBuildFile; fileRef = 1DF5F4DF0D08C38300B7A737 /* UIKit.framework */; };
		1F0828A51ED26F8C00F4C424 /* Record.cpp in Sources */ = {isa = PBXBuildFile; fileRef = 1F0828A41ED26F8C00F4C424 /* Record.cpp */; };
		1F0828A61ED26F8C00F4C424 /* Record.cpp in Sources */ = {isa = PBXBuildFile; fileRef = 1F0828A41ED26F8C00F4C424 /* Record.cpp */; };
		1F0828A81ED2756500F4C424 /* drawable in Resources */ = {isa = PBXBuildFile; fileRef = 1F0828A71ED2756500F4C424 /* drawable */; };
		1F0828A91ED2756500F4C424 /* drawable in Resources */ = {isa = PBXBuildFile; fileRef = 1F0828A71ED2756500F4C424 /* drawable */; };
		1F0828AB1ED276D200F4C424 /* text in Resources */ = {isa = PBXBuildFile; fileRef = 1F0828AA1ED276D200F4C424 /* text */; };
		1F0828AC1ED276D200F4C424 /* text in Resources */ = {isa = PBXBuildFile; fileRef = 1F0828AA1ED276D200F4C424 /* text */; };
		1F0B2C211F7F8779004E8EA6 /* CompetitionHistoryScene.cpp in Sources */ = {isa = PBXBuildFile; fileRef = 1F0B2C1F1F7F8779004E8EA6 /* CompetitionHistoryScene.cpp */; };
		1F0B2C221F7F8779004E8EA6 /* CompetitionHistoryScene.cpp in Sources */ = {isa = PBXBuildFile; fileRef = 1F0B2C1F1F7F8779004E8EA6 /* CompetitionHistoryScene.cpp */; };
		1F154E3C1E4409420083F8B3 /* MahjongTheoryScene.cpp in Sources */ = {isa = PBXBuildFile; fileRef = 1F154E3A1E4409420083F8B3 /* MahjongTheoryScene.cpp */; };
		1F154E3D1E4409420083F8B3 /* MahjongTheoryScene.cpp in Sources */ = {isa = PBXBuildFile; fileRef = 1F154E3A1E4409420083F8B3 /* MahjongTheoryScene.cpp */; };
		1F154E411E440A160083F8B3 /* stringify.cpp in Sources */ = {isa = PBXBuildFile; fileRef = 1F154E3F1E440A160083F8B3 /* stringify.cpp */; };
		1F154E421E440A160083F8B3 /* stringify.cpp in Sources */ = {isa = PBXBuildFile; fileRef = 1F154E3F1E440A160083F8B3 /* stringify.cpp */; };
		1F2D25871E076FC20071ADE2 /* AlertView.cpp in Sources */ = {isa = PBXBuildFile; fileRef = 1F2D25851E076FC20071ADE2 /* AlertView.cpp */; };
		1F2D25881E076FC20071ADE2 /* AlertView.cpp in Sources */ = {isa = PBXBuildFile; fileRef = 1F2D25851E076FC20071ADE2 /* AlertView.cpp */; };
		1F68AFC91F03366900B4BB97 /* CompetitionEnrollScene.cpp in Sources */ = {isa = PBXBuildFile; fileRef = 1F68AFC51F03366800B4BB97 /* CompetitionEnrollScene.cpp */; };
		1F68AFCA1F03366900B4BB97 /* CompetitionEnrollScene.cpp in Sources */ = {isa = PBXBuildFile; fileRef = 1F68AFC51F03366800B4BB97 /* CompetitionEnrollScene.cpp */; };
		1F68AFCB1F03366900B4BB97 /* CompetitionMainScene.cpp in Sources */ = {isa = PBXBuildFile; fileRef = 1F68AFC71F03366800B4BB97 /* CompetitionMainScene.cpp */; };
		1F68AFCC1F03366900B4BB97 /* CompetitionMainScene.cpp in Sources */ = {isa = PBXBuildFile; fileRef = 1F68AFC71F03366800B4BB97 /* CompetitionMainScene.cpp */; };
		1F764BEB1CC5DB1F00844DAF /* OtherScene.cpp in Sources */ = {isa = PBXBuildFile; fileRef = 1F764BE91CC5DB1F00844DAF /* OtherScene.cpp */; };
		1F764BEC1CC5DB1F00844DAF /* OtherScene.cpp in Sources */ = {isa = PBXBuildFile; fileRef = 1F764BE91CC5DB1F00844DAF /* OtherScene.cpp */; };
		1FA6933A1E83552300E839CC /* ExtraInfoWidget.cpp in Sources */ = {isa = PBXBuildFile; fileRef = 1FA693381E83552300E839CC /* ExtraInfoWidget.cpp */; };
		1FA6933B1E83552300E839CC /* ExtraInfoWidget.cpp in Sources */ = {isa = PBXBuildFile; fileRef = 1FA693381E83552300E839CC /* ExtraInfoWidget.cpp */; };
		1FCC3C021CC47200001C9555 /* RecordHistoryScene.cpp in Sources */ = {isa = PBXBuildFile; fileRef = 1FCC3BFF1CC47200001C9555 /* RecordHistoryScene.cpp */; };
		1FCC3C031CC47200001C9555 /* RecordHistoryScene.cpp in Sources */ = {isa = PBXBuildFile; fileRef = 1FCC3BFF1CC47200001C9555 /* RecordHistoryScene.cpp */; };
		1FD228F21E39837E00DF5C1D /* HandTilesWidget.cpp in Sources */ = {isa = PBXBuildFile; fileRef = 1FD228F01E39837E00DF5C1D /* HandTilesWidget.cpp */; };
		1FD228F31E39837E00DF5C1D /* HandTilesWidget.cpp in Sources */ = {isa = PBXBuildFile; fileRef = 1FD228F01E39837E00DF5C1D /* HandTilesWidget.cpp */; };
		1FDCF7BF1F738E1D00D9C608 /* CWTableView.cpp in Sources */ = {isa = PBXBuildFile; fileRef = 1FDCF7BD1F738E1D00D9C608 /* CWTableView.cpp */; };
		1FDCF7C01F738E1D00D9C608 /* CWTableView.cpp in Sources */ = {isa = PBXBuildFile; fileRef = 1FDCF7BD1F738E1D00D9C608 /* CWTableView.cpp */; };
		1FDD94431C8337140031BC38 /* fan_calculator.cpp in Sources */ = {isa = PBXBuildFile; fileRef = 1FDD943C1C8337140031BC38 /* fan_calculator.cpp */; };
		1FDD94441C8337140031BC38 /* fan_calculator.cpp in Sources */ = {isa = PBXBuildFile; fileRef = 1FDD943C1C8337140031BC38 /* fan_calculator.cpp */; };
		1FDD94451C8337140031BC38 /* shanten.cpp in Sources */ = {isa = PBXBuildFile; fileRef = 1FDD943F1C8337140031BC38 /* shanten.cpp */; };
		1FDD94461C8337140031BC38 /* shanten.cpp in Sources */ = {isa = PBXBuildFile; fileRef = 1FDD943F1C8337140031BC38 /* shanten.cpp */; };
		1FDD950E1C8338700031BC38 /* source_material in Resources */ = {isa = PBXBuildFile; fileRef = 1FDD950D1C8338700031BC38 /* source_material */; };
		1FDD950F1C8338700031BC38 /* source_material in Resources */ = {isa = PBXBuildFile; fileRef = 1FDD950D1C8338700031BC38 /* source_material */; };
		1FE04ADE1C94682A008401EA /* FanCalculatorScene.cpp in Sources */ = {isa = PBXBuildFile; fileRef = 1FE04AD71C94682A008401EA /* FanCalculatorScene.cpp */; };
		1FE04ADF1C94682A008401EA /* FanCalculatorScene.cpp in Sources */ = {isa = PBXBuildFile; fileRef = 1FE04AD71C94682A008401EA /* FanCalculatorScene.cpp */; };
		1FE04AE01C94682A008401EA /* RecordScene.cpp in Sources */ = {isa = PBXBuildFile; fileRef = 1FE04ADA1C94682A008401EA /* RecordScene.cpp */; };
		1FE04AE11C94682A008401EA /* RecordScene.cpp in Sources */ = {isa = PBXBuildFile; fileRef = 1FE04ADA1C94682A008401EA /* RecordScene.cpp */; };
		1FE04AE21C94682A008401EA /* ScoreSheetScene.cpp in Sources */ = {isa = PBXBuildFile; fileRef = 1FE04ADC1C94682A008401EA /* ScoreSheetScene.cpp */; };
		1FE04AE31C94682A008401EA /* ScoreSheetScene.cpp in Sources */ = {isa = PBXBuildFile; fileRef = 1FE04ADC1C94682A008401EA /* ScoreSheetScene.cpp */; };
		1FE1019A1F74964E001C3FA8 /* common.cpp in Sources */ = {isa = PBXBuildFile; fileRef = 1FDCF7C51F738EE400D9C608 /* common.cpp */; };
		1FE1019E1F74964E001C3FA8 /* common.cpp in Sources */ = {isa = PBXBuildFile; fileRef = 1FDCF7C51F738EE400D9C608 /* common.cpp */; };
		1FE17A751EE0FF9300B47FE3 /* Competition.cpp in Sources */ = {isa = PBXBuildFile; fileRef = 1FE17A6D1EE0FF9300B47FE3 /* Competition.cpp */; };
		1FE17A761EE0FF9300B47FE3 /* Competition.cpp in Sources */ = {isa = PBXBuildFile; fileRef = 1FE17A6D1EE0FF9300B47FE3 /* Competition.cpp */; };
		1FE17A771EE0FF9300B47FE3 /* CompetitionRankCustomScene.cpp in Sources */ = {isa = PBXBuildFile; fileRef = 1FE17A6F1EE0FF9300B47FE3 /* CompetitionRankCustomScene.cpp */; };
		1FE17A781EE0FF9300B47FE3 /* CompetitionRankCustomScene.cpp in Sources */ = {isa = PBXBuildFile; fileRef = 1FE17A6F1EE0FF9300B47FE3 /* CompetitionRankCustomScene.cpp */; };
		1FE17A791EE0FF9300B47FE3 /* CompetitionRoundScene.cpp in Sources */ = {isa = PBXBuildFile; fileRef = 1FE17A711EE0FF9300B47FE3 /* CompetitionRoundScene.cpp */; };
		1FE17A7A1EE0FF9300B47FE3 /* CompetitionRoundScene.cpp in Sources */ = {isa = PBXBuildFile; fileRef = 1FE17A711EE0FF9300B47FE3 /* CompetitionRoundScene.cpp */; };
		1FE17A7B1EE0FF9300B47FE3 /* CompetitionTableScene.cpp in Sources */ = {isa = PBXBuildFile; fileRef = 1FE17A731EE0FF9300B47FE3 /* CompetitionTableScene.cpp */; };
		1FE17A7C1EE0FF9300B47FE3 /* CompetitionTableScene.cpp in Sources */ = {isa = PBXBuildFile; fileRef = 1FE17A731EE0FF9300B47FE3 /* CompetitionTableScene.cpp */; };
		1FE2A3EB1CBB30D1008C45C5 /* FanDefinitionScene.cpp in Sources */ = {isa = PBXBuildFile; fileRef = 1FE2A3E71CBB30D1008C45C5 /* FanDefinitionScene.cpp */; };
		1FE2A3EC1CBB30D1008C45C5 /* FanDefinitionScene.cpp in Sources */ = {isa = PBXBuildFile; fileRef = 1FE2A3E71CBB30D1008C45C5 /* FanDefinitionScene.cpp */; };
		1FE2A3ED1CBB30D1008C45C5 /* FanTableScene.cpp in Sources */ = {isa = PBXBuildFile; fileRef = 1FE2A3E91CBB30D1008C45C5 /* FanTableScene.cpp */; };
		1FE2A3EE1CBB30D1008C45C5 /* FanTableScene.cpp in Sources */ = {isa = PBXBuildFile; fileRef = 1FE2A3E91CBB30D1008C45C5 /* FanTableScene.cpp */; };
		1FE5CFDD1CAE029200A5C38B /* TilePickWidget.cpp in Sources */ = {isa = PBXBuildFile; fileRef = 1FE5CFDB1CAE029200A5C38B /* TilePickWidget.cpp */; };
		1FE5CFDE1CAE029200A5C38B /* TilePickWidget.cpp in Sources */ = {isa = PBXBuildFile; fileRef = 1FE5CFDB1CAE029200A5C38B /* TilePickWidget.cpp */; };
		1FE5D0481CAE046300A5C38B /* tiles in Resources */ = {isa = PBXBuildFile; fileRef = 1FE5D0471CAE046300A5C38B /* tiles */; };
		1FE5D0491CAE046300A5C38B /* tiles in Resources */ = {isa = PBXBuildFile; fileRef = 1FE5D0471CAE046300A5C38B /* tiles */; };
		1FF6025B1F00D792006BF5E3 /* LatestCompetitionScene.cpp in Sources */ = {isa = PBXBuildFile; fileRef = 1FF602591F00D792006BF5E3 /* LatestCompetitionScene.cpp */; };
		1FF6025C1F00D792006BF5E3 /* LatestCompetitionScene.cpp in Sources */ = {isa = PBXBuildFile; fileRef = 1FF602591F00D792006BF5E3 /* LatestCompetitionScene.cpp */; };
		1FFE17A31F9BB17200714066 /* CWCommon.cpp in Sources */ = {isa = PBXBuildFile; fileRef = 1FFE17A11F9BB17200714066 /* CWCommon.cpp */; };
		1FFE17A41F9BB17200714066 /* CWCommon.cpp in Sources */ = {isa = PBXBuildFile; fileRef = 1FFE17A11F9BB17200714066 /* CWCommon.cpp */; };
		288765A50DF7441C002DB57D /* CoreGraphics.framework in Frameworks */ = {isa = PBXBuildFile; fileRef = 288765A40DF7441C002DB57D /* CoreGraphics.framework */; };
		294D0D641D0D56D500F7F5D4 /* CoreText.framework in Frameworks */ = {isa = PBXBuildFile; fileRef = 294D0D631D0D56D500F7F5D4 /* CoreText.framework */; };
		46880B8119C43A67006E1F66 /* xyg.png in Resources */ = {isa = PBXBuildFile; fileRef = 46880B7A19C43A67006E1F66 /* xyg.png */; };
		46880B8219C43A67006E1F66 /* xyg.png in Resources */ = {isa = PBXBuildFile; fileRef = 46880B7A19C43A67006E1F66 /* xyg.png */; };
		46880B8819C43A87006E1F66 /* AppDelegate.cpp in Sources */ = {isa = PBXBuildFile; fileRef = 46880B8419C43A87006E1F66 /* AppDelegate.cpp */; };
		46880B8919C43A87006E1F66 /* AppDelegate.cpp in Sources */ = {isa = PBXBuildFile; fileRef = 46880B8419C43A87006E1F66 /* AppDelegate.cpp */; };
		46880B8A19C43A87006E1F66 /* HelloWorldScene.cpp in Sources */ = {isa = PBXBuildFile; fileRef = 46880B8619C43A87006E1F66 /* HelloWorldScene.cpp */; };
		46880B8B19C43A87006E1F66 /* HelloWorldScene.cpp in Sources */ = {isa = PBXBuildFile; fileRef = 46880B8619C43A87006E1F66 /* HelloWorldScene.cpp */; };
		503AE0F817EB97AB00D1A890 /* Icon.icns in Resources */ = {isa = PBXBuildFile; fileRef = 503AE0F617EB97AB00D1A890 /* Icon.icns */; };
		503AE10017EB989F00D1A890 /* AppController.mm in Sources */ = {isa = PBXBuildFile; fileRef = 503AE0FB17EB989F00D1A890 /* AppController.mm */; };
		503AE10117EB989F00D1A890 /* main.m in Sources */ = {isa = PBXBuildFile; fileRef = 503AE0FC17EB989F00D1A890 /* main.m */; };
		503AE10217EB989F00D1A890 /* RootViewController.mm in Sources */ = {isa = PBXBuildFile; fileRef = 503AE0FF17EB989F00D1A890 /* RootViewController.mm */; };
		503AE10517EB98FF00D1A890 /* main.cpp in Sources */ = {isa = PBXBuildFile; fileRef = 503AE10317EB98FF00D1A890 /* main.cpp */; };
		503AE11B17EB9C5A00D1A890 /* IOKit.framework in Frameworks */ = {isa = PBXBuildFile; fileRef = 503AE11A17EB9C5A00D1A890 /* IOKit.framework */; };
		5087E76317EB910900C73F5D /* Foundation.framework in Frameworks */ = {isa = PBXBuildFile; fileRef = 1D30AB110D05D00D00671497 /* Foundation.framework */; };
		5087E76717EB910900C73F5D /* libz.dylib in Frameworks */ = {isa = PBXBuildFile; fileRef = BF170DB412928DE900B8313A /* libz.dylib */; };
		5087E76817EB910900C73F5D /* QuartzCore.framework in Frameworks */ = {isa = PBXBuildFile; fileRef = BF1C47EA1293683800B63C5D /* QuartzCore.framework */; };
		5087E76917EB910900C73F5D /* OpenAL.framework in Frameworks */ = {isa = PBXBuildFile; fileRef = D44C620B132DFF330009C878 /* OpenAL.framework */; };
		5087E76A17EB910900C73F5D /* AVFoundation.framework in Frameworks */ = {isa = PBXBuildFile; fileRef = D44C620D132DFF430009C878 /* AVFoundation.framework */; };
		5087E76B17EB910900C73F5D /* AudioToolbox.framework in Frameworks */ = {isa = PBXBuildFile; fileRef = D44C620F132DFF4E0009C878 /* AudioToolbox.framework */; };
		5087E77D17EB970100C73F5D /* Default-568h@2x.png in Resources */ = {isa = PBXBuildFile; fileRef = 5087E77217EB970100C73F5D /* Default-568h@2x.png */; };
		5087E77E17EB970100C73F5D /* Default.png in Resources */ = {isa = PBXBuildFile; fileRef = 5087E77317EB970100C73F5D /* Default.png */; };
		5087E77F17EB970100C73F5D /* Default@2x.png in Resources */ = {isa = PBXBuildFile; fileRef = 5087E77417EB970100C73F5D /* Default@2x.png */; };
		5087E78017EB970100C73F5D /* Icon-114.png in Resources */ = {isa = PBXBuildFile; fileRef = 5087E77517EB970100C73F5D /* Icon-114.png */; };
		5087E78117EB970100C73F5D /* Icon-120.png in Resources */ = {isa = PBXBuildFile; fileRef = 5087E77617EB970100C73F5D /* Icon-120.png */; };
		5087E78417EB970100C73F5D /* Icon-57.png in Resources */ = {isa = PBXBuildFile; fileRef = 5087E77917EB970100C73F5D /* Icon-57.png */; };
		5087E78517EB970100C73F5D /* Icon-72.png in Resources */ = {isa = PBXBuildFile; fileRef = 5087E77A17EB970100C73F5D /* Icon-72.png */; };
		5087E78617EB970100C73F5D /* Icon-76.png in Resources */ = {isa = PBXBuildFile; fileRef = 5087E77B17EB970100C73F5D /* Icon-76.png */; };
		5087E78917EB974C00C73F5D /* AppKit.framework in Frameworks */ = {isa = PBXBuildFile; fileRef = 5087E78817EB974C00C73F5D /* AppKit.framework */; };
		5087E78B17EB975400C73F5D /* OpenGL.framework in Frameworks */ = {isa = PBXBuildFile; fileRef = 5087E78A17EB975400C73F5D /* OpenGL.framework */; };
		50EF629617ECD46A001EB2F8 /* Icon-40.png in Resources */ = {isa = PBXBuildFile; fileRef = 50EF629217ECD46A001EB2F8 /* Icon-40.png */; };
		50EF629717ECD46A001EB2F8 /* Icon-58.png in Resources */ = {isa = PBXBuildFile; fileRef = 50EF629317ECD46A001EB2F8 /* Icon-58.png */; };
		50EF629817ECD46A001EB2F8 /* Icon-80.png in Resources */ = {isa = PBXBuildFile; fileRef = 50EF629417ECD46A001EB2F8 /* Icon-80.png */; };
		50EF629917ECD46A001EB2F8 /* Icon-100.png in Resources */ = {isa = PBXBuildFile; fileRef = 50EF629517ECD46A001EB2F8 /* Icon-100.png */; };
		50EF62A217ECD613001EB2F8 /* Icon-29.png in Resources */ = {isa = PBXBuildFile; fileRef = 50EF62A017ECD613001EB2F8 /* Icon-29.png */; };
		50EF62A317ECD613001EB2F8 /* Icon-50.png in Resources */ = {isa = PBXBuildFile; fileRef = 50EF62A117ECD613001EB2F8 /* Icon-50.png */; };
		521A8E6419F0C34300D177D7 /* Default-667h@2x.png in Resources */ = {isa = PBXBuildFile; fileRef = 521A8E6219F0C34300D177D7 /* Default-667h@2x.png */; };
		521A8E6519F0C34300D177D7 /* Default-736h@3x.png in Resources */ = {isa = PBXBuildFile; fileRef = 521A8E6319F0C34300D177D7 /* Default-736h@3x.png */; };
		521A8EA919F11F5000D177D7 /* fonts in Resources */ = {isa = PBXBuildFile; fileRef = 521A8EA819F11F5000D177D7 /* fonts */; };
		521A8EAA19F11F5000D177D7 /* fonts in Resources */ = {isa = PBXBuildFile; fileRef = 521A8EA819F11F5000D177D7 /* fonts */; };
		52B47A471A53D09C004E4C60 /* Security.framework in Frameworks */ = {isa = PBXBuildFile; fileRef = 52B47A461A53D09B004E4C60 /* Security.framework */; };
		8262943E1AAF051F00CB7CF7 /* Security.framework in Frameworks */ = {isa = PBXBuildFile; fileRef = 8262943D1AAF051F00CB7CF7 /* Security.framework */; };
		BF171245129291EC00B8313A /* OpenGLES.framework in Frameworks */ = {isa = PBXBuildFile; fileRef = BF170DB012928DE900B8313A /* OpenGLES.framework */; };
		BF1712471292920000B8313A /* libz.dylib in Frameworks */ = {isa = PBXBuildFile; fileRef = BF170DB412928DE900B8313A /* libz.dylib */; };
		BF1C47F01293687400B63C5D /* QuartzCore.framework in Frameworks */ = {isa = PBXBuildFile; fileRef = BF1C47EA1293683800B63C5D /* QuartzCore.framework */; };
		D44C620C132DFF330009C878 /* OpenAL.framework in Frameworks */ = {isa = PBXBuildFile; fileRef = D44C620B132DFF330009C878 /* OpenAL.framework */; };
		D44C620E132DFF430009C878 /* AVFoundation.framework in Frameworks */ = {isa = PBXBuildFile; fileRef = D44C620D132DFF430009C878 /* AVFoundation.framework */; };
		D44C6210132DFF4E0009C878 /* AudioToolbox.framework in Frameworks */ = {isa = PBXBuildFile; fileRef = D44C620F132DFF4E0009C878 /* AudioToolbox.framework */; };
		D6B0611B1803AB670077942B /* CoreMotion.framework in Frameworks */ = {isa = PBXBuildFile; fileRef = D6B0611A1803AB670077942B /* CoreMotion.framework */; };
		ED545A7C1B68A1F400C3958E /* libiconv.dylib in Frameworks */ = {isa = PBXBuildFile; fileRef = ED545A7B1B68A1F400C3958E /* libiconv.dylib */; };
		ED545A7E1B68A1FA00C3958E /* libiconv.dylib in Frameworks */ = {isa = PBXBuildFile; fileRef = ED545A7D1B68A1FA00C3958E /* libiconv.dylib */; };
/* End PBXBuildFile section */

/* Begin PBXContainerItemProxy section */
		1AC6FAF8180E9839004C840B /* PBXContainerItemProxy */ = {
			isa = PBXContainerItemProxy;
			containerPortal = 1AC6FAE5180E9839004C840B /* cocos2d_libs.xcodeproj */;
			proxyType = 2;
			remoteGlobalIDString = 1551A33F158F2AB200E66CFE;
			remoteInfo = "cocos2dx Mac";
		};
		1AC6FB06180E9839004C840B /* PBXContainerItemProxy */ = {
			isa = PBXContainerItemProxy;
			containerPortal = 1AC6FAE5180E9839004C840B /* cocos2d_libs.xcodeproj */;
			proxyType = 2;
			remoteGlobalIDString = A07A4D641783777C0073F6A7;
			remoteInfo = "cocos2dx iOS";
		};
		1AC6FB15180E9959004C840B /* PBXContainerItemProxy */ = {
			isa = PBXContainerItemProxy;
			containerPortal = 1AC6FAE5180E9839004C840B /* cocos2d_libs.xcodeproj */;
			proxyType = 1;
			remoteGlobalIDString = 1551A33E158F2AB200E66CFE;
			remoteInfo = "cocos2dx Mac";
		};
		1AC6FB24180E99E1004C840B /* PBXContainerItemProxy */ = {
			isa = PBXContainerItemProxy;
			containerPortal = 1AC6FAE5180E9839004C840B /* cocos2d_libs.xcodeproj */;
			proxyType = 1;
			remoteGlobalIDString = A07A4C241783777C0073F6A7;
			remoteInfo = "cocos2dx iOS";
		};
/* End PBXContainerItemProxy section */

/* Begin PBXFileReference section */
		1AC6FAE5180E9839004C840B /* cocos2d_libs.xcodeproj */ = {isa = PBXFileReference; lastKnownFileType = "wrapper.pb-project"; name = cocos2d_libs.xcodeproj; path = ../cocos2d/build/cocos2d_libs.xcodeproj; sourceTree = "<group>"; };
		1ACB3243164770DE00914215 /* libcurl.a */ = {isa = PBXFileReference; lastKnownFileType = archive.ar; name = libcurl.a; path = ../../cocos2dx/platform/third_party/ios/libraries/libcurl.a; sourceTree = "<group>"; };
		1D30AB110D05D00D00671497 /* Foundation.framework */ = {isa = PBXFileReference; lastKnownFileType = wrapper.framework; name = Foundation.framework; path = System/Library/Frameworks/Foundation.framework; sourceTree = SDKROOT; };
		1D6058910D05DD3D006BFB54 /* ChineseOfficialMahjongHelper-mobile.app */ = {isa = PBXFileReference; explicitFileType = wrapper.application; includeInIndex = 0; path = "ChineseOfficialMahjongHelper-mobile.app"; sourceTree = BUILT_PRODUCTS_DIR; };
		1DF5F4DF0D08C38300B7A737 /* UIKit.framework */ = {isa = PBXFileReference; lastKnownFileType = wrapper.framework; name = UIKit.framework; path = System/Library/Frameworks/UIKit.framework; sourceTree = SDKROOT; };
		1F0828A41ED26F8C00F4C424 /* Record.cpp */ = {isa = PBXFileReference; fileEncoding = 4; lastKnownFileType = sourcecode.cpp.cpp; path = Record.cpp; sourceTree = "<group>"; };
		1F0828A71ED2756500F4C424 /* drawable */ = {isa = PBXFileReference; lastKnownFileType = folder; path = drawable; sourceTree = "<group>"; };
		1F0828AA1ED276D200F4C424 /* text */ = {isa = PBXFileReference; lastKnownFileType = folder; path = text; sourceTree = "<group>"; };
		1F0B2C1F1F7F8779004E8EA6 /* CompetitionHistoryScene.cpp */ = {isa = PBXFileReference; fileEncoding = 4; lastKnownFileType = sourcecode.cpp.cpp; name = CompetitionHistoryScene.cpp; path = CompetitionSystem/CompetitionHistoryScene.cpp; sourceTree = "<group>"; };
		1F0B2C201F7F8779004E8EA6 /* CompetitionHistoryScene.h */ = {isa = PBXFileReference; fileEncoding = 4; lastKnownFileType = sourcecode.c.h; name = CompetitionHistoryScene.h; path = CompetitionSystem/CompetitionHistoryScene.h; sourceTree = "<group>"; };
		1F154E3A1E4409420083F8B3 /* MahjongTheoryScene.cpp */ = {isa = PBXFileReference; fileEncoding = 4; lastKnownFileType = sourcecode.cpp.cpp; path = MahjongTheoryScene.cpp; sourceTree = "<group>"; };
		1F154E3B1E4409420083F8B3 /* MahjongTheoryScene.h */ = {isa = PBXFileReference; fileEncoding = 4; lastKnownFileType = sourcecode.c.h; path = MahjongTheoryScene.h; sourceTree = "<group>"; };
		1F154E3F1E440A160083F8B3 /* stringify.cpp */ = {isa = PBXFileReference; fileEncoding = 4; lastKnownFileType = sourcecode.cpp.cpp; path = stringify.cpp; sourceTree = "<group>"; };
		1F154E401E440A160083F8B3 /* stringify.h */ = {isa = PBXFileReference; fileEncoding = 4; lastKnownFileType = sourcecode.c.h; path = stringify.h; sourceTree = "<group>"; };
		1F16A62F1F5F8CD500974F88 /* standard_tiles.h */ = {isa = PBXFileReference; fileEncoding = 4; lastKnownFileType = sourcecode.c.h; path = standard_tiles.h; sourceTree = "<group>"; };
		1F16A6311F5F8CFB00974F88 /* LoadingView.h */ = {isa = PBXFileReference; fileEncoding = 4; lastKnownFileType = sourcecode.c.h; path = LoadingView.h; sourceTree = "<group>"; };
		1F2D25851E076FC20071ADE2 /* AlertView.cpp */ = {isa = PBXFileReference; fileEncoding = 4; lastKnownFileType = sourcecode.cpp.cpp; path = AlertView.cpp; sourceTree = "<group>"; };
		1F2D25861E076FC20071ADE2 /* AlertView.h */ = {isa = PBXFileReference; fileEncoding = 4; lastKnownFileType = sourcecode.c.h; path = AlertView.h; sourceTree = "<group>"; };
		1F4192721E10A10200CDC47D /* CWTableView.cpp */ = {isa = PBXFileReference; fileEncoding = 4; lastKnownFileType = sourcecode.cpp.cpp; path = CWTableView.cpp; sourceTree = "<group>"; };
		1F68AFC51F03366800B4BB97 /* CompetitionEnrollScene.cpp */ = {isa = PBXFileReference; fileEncoding = 4; lastKnownFileType = sourcecode.cpp.cpp; name = CompetitionEnrollScene.cpp; path = CompetitionSystem/CompetitionEnrollScene.cpp; sourceTree = "<group>"; };
		1F68AFC61F03366800B4BB97 /* CompetitionEnrollScene.h */ = {isa = PBXFileReference; fileEncoding = 4; lastKnownFileType = sourcecode.c.h; name = CompetitionEnrollScene.h; path = CompetitionSystem/CompetitionEnrollScene.h; sourceTree = "<group>"; };
		1F68AFC71F03366800B4BB97 /* CompetitionMainScene.cpp */ = {isa = PBXFileReference; fileEncoding = 4; lastKnownFileType = sourcecode.cpp.cpp; name = CompetitionMainScene.cpp; path = CompetitionSystem/CompetitionMainScene.cpp; sourceTree = "<group>"; };
		1F68AFC81F03366900B4BB97 /* CompetitionMainScene.h */ = {isa = PBXFileReference; fileEncoding = 4; lastKnownFileType = sourcecode.c.h; name = CompetitionMainScene.h; path = CompetitionSystem/CompetitionMainScene.h; sourceTree = "<group>"; };
		1F6A373D1CBDD3C9001617E6 /* BaseScene.h */ = {isa = PBXFileReference; fileEncoding = 4; lastKnownFileType = sourcecode.c.h; path = BaseScene.h; sourceTree = "<group>"; };
		1F764BE91CC5DB1F00844DAF /* OtherScene.cpp */ = {isa = PBXFileReference; fileEncoding = 4; lastKnownFileType = sourcecode.cpp.cpp; path = OtherScene.cpp; sourceTree = "<group>"; };
		1F764BEA1CC5DB1F00844DAF /* OtherScene.h */ = {isa = PBXFileReference; fileEncoding = 4; lastKnownFileType = sourcecode.c.h; path = OtherScene.h; sourceTree = "<group>"; };
		1FA693381E83552300E839CC /* ExtraInfoWidget.cpp */ = {isa = PBXFileReference; fileEncoding = 4; lastKnownFileType = sourcecode.cpp.cpp; path = ExtraInfoWidget.cpp; sourceTree = "<group>"; };
		1FA693391E83552300E839CC /* ExtraInfoWidget.h */ = {isa = PBXFileReference; fileEncoding = 4; lastKnownFileType = sourcecode.c.h; path = ExtraInfoWidget.h; sourceTree = "<group>"; };
		1FCC3BFF1CC47200001C9555 /* RecordHistoryScene.cpp */ = {isa = PBXFileReference; fileEncoding = 4; lastKnownFileType = sourcecode.cpp.cpp; path = RecordHistoryScene.cpp; sourceTree = "<group>"; };
		1FCC3C001CC47200001C9555 /* RecordHistoryScene.h */ = {isa = PBXFileReference; fileEncoding = 4; lastKnownFileType = sourcecode.c.h; path = RecordHistoryScene.h; sourceTree = "<group>"; };
		1FCC3C011CC47200001C9555 /* Record.h */ = {isa = PBXFileReference; fileEncoding = 4; lastKnownFileType = sourcecode.c.h; path = Record.h; sourceTree = "<group>"; };
		1FD228F01E39837E00DF5C1D /* HandTilesWidget.cpp */ = {isa = PBXFileReference; fileEncoding = 4; lastKnownFileType = sourcecode.cpp.cpp; path = HandTilesWidget.cpp; sourceTree = "<group>"; };
		1FD228F11E39837E00DF5C1D /* HandTilesWidget.h */ = {isa = PBXFileReference; fileEncoding = 4; lastKnownFileType = sourcecode.c.h; path = HandTilesWidget.h; sourceTree = "<group>"; };
		1FDCF7BD1F738E1D00D9C608 /* CWTableView.cpp */ = {isa = PBXFileReference; fileEncoding = 4; lastKnownFileType = sourcecode.cpp.cpp; path = CWTableView.cpp; sourceTree = "<group>"; };
		1FDCF7BE1F738E1D00D9C608 /* CWTableView.h */ = {isa = PBXFileReference; fileEncoding = 4; lastKnownFileType = sourcecode.c.h; path = CWTableView.h; sourceTree = "<group>"; };
		1FDCF7C51F738EE400D9C608 /* common.cpp */ = {isa = PBXFileReference; fileEncoding = 4; lastKnownFileType = sourcecode.cpp.cpp; path = common.cpp; sourceTree = "<group>"; };
		1FDCF7C61F738EE400D9C608 /* common.h */ = {isa = PBXFileReference; fileEncoding = 4; lastKnownFileType = sourcecode.c.h; path = common.h; sourceTree = "<group>"; };
		1FDCF7C71F738EE400D9C608 /* compiler.h */ = {isa = PBXFileReference; fileEncoding = 4; lastKnownFileType = sourcecode.c.h; path = compiler.h; sourceTree = "<group>"; };
		1FDD943C1C8337140031BC38 /* fan_calculator.cpp */ = {isa = PBXFileReference; fileEncoding = 4; lastKnownFileType = sourcecode.cpp.cpp; path = fan_calculator.cpp; sourceTree = "<group>"; };
		1FDD943D1C8337140031BC38 /* fan_calculator.h */ = {isa = PBXFileReference; fileEncoding = 4; lastKnownFileType = sourcecode.c.h; path = fan_calculator.h; sourceTree = "<group>"; };
		1FDD943E1C8337140031BC38 /* tile.h */ = {isa = PBXFileReference; fileEncoding = 4; lastKnownFileType = sourcecode.c.h; path = tile.h; sourceTree = "<group>"; };
		1FDD943F1C8337140031BC38 /* shanten.cpp */ = {isa = PBXFileReference; fileEncoding = 4; lastKnownFileType = sourcecode.cpp.cpp; path = shanten.cpp; sourceTree = "<group>"; };
		1FDD94401C8337140031BC38 /* shanten.h */ = {isa = PBXFileReference; fileEncoding = 4; lastKnownFileType = sourcecode.c.h; path = shanten.h; sourceTree = "<group>"; };
		1FDD950D1C8338700031BC38 /* source_material */ = {isa = PBXFileReference; lastKnownFileType = folder; path = source_material; sourceTree = "<group>"; };
		1FE04AD71C94682A008401EA /* FanCalculatorScene.cpp */ = {isa = PBXFileReference; fileEncoding = 4; lastKnownFileType = sourcecode.cpp.cpp; path = FanCalculatorScene.cpp; sourceTree = "<group>"; };
		1FE04AD81C94682A008401EA /* FanCalculatorScene.h */ = {isa = PBXFileReference; fileEncoding = 4; lastKnownFileType = sourcecode.c.h; path = FanCalculatorScene.h; sourceTree = "<group>"; };
		1FE04ADA1C94682A008401EA /* RecordScene.cpp */ = {isa = PBXFileReference; fileEncoding = 4; lastKnownFileType = sourcecode.cpp.cpp; path = RecordScene.cpp; sourceTree = "<group>"; };
		1FE04ADB1C94682A008401EA /* RecordScene.h */ = {isa = PBXFileReference; fileEncoding = 4; lastKnownFileType = sourcecode.c.h; path = RecordScene.h; sourceTree = "<group>"; };
		1FE04ADC1C94682A008401EA /* ScoreSheetScene.cpp */ = {isa = PBXFileReference; fileEncoding = 4; lastKnownFileType = sourcecode.cpp.cpp; path = ScoreSheetScene.cpp; sourceTree = "<group>"; };
		1FE04ADD1C94682A008401EA /* ScoreSheetScene.h */ = {isa = PBXFileReference; fileEncoding = 4; lastKnownFileType = sourcecode.c.h; path = ScoreSheetScene.h; sourceTree = "<group>"; };
		1FE17A6D1EE0FF9300B47FE3 /* Competition.cpp */ = {isa = PBXFileReference; fileEncoding = 4; lastKnownFileType = sourcecode.cpp.cpp; name = Competition.cpp; path = CompetitionSystem/Competition.cpp; sourceTree = "<group>"; };
		1FE17A6E1EE0FF9300B47FE3 /* Competition.h */ = {isa = PBXFileReference; fileEncoding = 4; lastKnownFileType = sourcecode.c.h; name = Competition.h; path = CompetitionSystem/Competition.h; sourceTree = "<group>"; };
		1FE17A6F1EE0FF9300B47FE3 /* CompetitionRankCustomScene.cpp */ = {isa = PBXFileReference; fileEncoding = 4; lastKnownFileType = sourcecode.cpp.cpp; name = CompetitionRankCustomScene.cpp; path = CompetitionSystem/CompetitionRankCustomScene.cpp; sourceTree = "<group>"; };
		1FE17A701EE0FF9300B47FE3 /* CompetitionRankCustomScene.h */ = {isa = PBXFileReference; fileEncoding = 4; lastKnownFileType = sourcecode.c.h; name = CompetitionRankCustomScene.h; path = CompetitionSystem/CompetitionRankCustomScene.h; sourceTree = "<group>"; };
		1FE17A711EE0FF9300B47FE3 /* CompetitionRoundScene.cpp */ = {isa = PBXFileReference; fileEncoding = 4; lastKnownFileType = sourcecode.cpp.cpp; name = CompetitionRoundScene.cpp; path = CompetitionSystem/CompetitionRoundScene.cpp; sourceTree = "<group>"; };
		1FE17A721EE0FF9300B47FE3 /* CompetitionRoundScene.h */ = {isa = PBXFileReference; fileEncoding = 4; lastKnownFileType = sourcecode.c.h; name = CompetitionRoundScene.h; path = CompetitionSystem/CompetitionRoundScene.h; sourceTree = "<group>"; };
		1FE17A731EE0FF9300B47FE3 /* CompetitionTableScene.cpp */ = {isa = PBXFileReference; fileEncoding = 4; lastKnownFileType = sourcecode.cpp.cpp; name = CompetitionTableScene.cpp; path = CompetitionSystem/CompetitionTableScene.cpp; sourceTree = "<group>"; };
		1FE17A741EE0FF9300B47FE3 /* CompetitionTableScene.h */ = {isa = PBXFileReference; fileEncoding = 4; lastKnownFileType = sourcecode.c.h; name = CompetitionTableScene.h; path = CompetitionSystem/CompetitionTableScene.h; sourceTree = "<group>"; };
		1FE2A3E71CBB30D1008C45C5 /* FanDefinitionScene.cpp */ = {isa = PBXFileReference; fileEncoding = 4; lastKnownFileType = sourcecode.cpp.cpp; path = FanDefinitionScene.cpp; sourceTree = "<group>"; };
		1FE2A3E81CBB30D1008C45C5 /* FanDefinitionScene.h */ = {isa = PBXFileReference; fileEncoding = 4; lastKnownFileType = sourcecode.c.h; path = FanDefinitionScene.h; sourceTree = "<group>"; };
		1FE2A3E91CBB30D1008C45C5 /* FanTableScene.cpp */ = {isa = PBXFileReference; fileEncoding = 4; lastKnownFileType = sourcecode.cpp.cpp; path = FanTableScene.cpp; sourceTree = "<group>"; };
		1FE2A3EA1CBB30D1008C45C5 /* FanTableScene.h */ = {isa = PBXFileReference; fileEncoding = 4; lastKnownFileType = sourcecode.c.h; path = FanTableScene.h; sourceTree = "<group>"; };
		1FE5CFDB1CAE029200A5C38B /* TilePickWidget.cpp */ = {isa = PBXFileReference; fileEncoding = 4; lastKnownFileType = sourcecode.cpp.cpp; path = TilePickWidget.cpp; sourceTree = "<group>"; };
		1FE5CFDC1CAE029200A5C38B /* TilePickWidget.h */ = {isa = PBXFileReference; fileEncoding = 4; lastKnownFileType = sourcecode.c.h; path = TilePickWidget.h; sourceTree = "<group>"; };
		1FE5D0471CAE046300A5C38B /* tiles */ = {isa = PBXFileReference; lastKnownFileType = folder; path = tiles; sourceTree = "<group>"; };
		1FF089FA1F829B03008F2629 /* EditBoxDelegateWrapper.hpp */ = {isa = PBXFileReference; fileEncoding = 4; lastKnownFileType = sourcecode.cpp.h; name = EditBoxDelegateWrapper.hpp; path = CompetitionSystem/EditBoxDelegateWrapper.hpp; sourceTree = "<group>"; };
		1FF602591F00D792006BF5E3 /* LatestCompetitionScene.cpp */ = {isa = PBXFileReference; fileEncoding = 4; lastKnownFileType = sourcecode.cpp.cpp; path = LatestCompetitionScene.cpp; sourceTree = "<group>"; };
		1FF6025A1F00D792006BF5E3 /* LatestCompetitionScene.h */ = {isa = PBXFileReference; fileEncoding = 4; lastKnownFileType = sourcecode.c.h; path = LatestCompetitionScene.h; sourceTree = "<group>"; };
		1FF8820B1F5E60BE009C3449 /* TilesImage.h */ = {isa = PBXFileReference; fileEncoding = 4; lastKnownFileType = sourcecode.c.h; path = TilesImage.h; sourceTree = "<group>"; };
		1FFE17A11F9BB17200714066 /* CWCommon.cpp */ = {isa = PBXFileReference; fileEncoding = 4; lastKnownFileType = sourcecode.cpp.cpp; path = CWCommon.cpp; sourceTree = "<group>"; };
		1FFE17A21F9BB17200714066 /* CWCommon.h */ = {isa = PBXFileReference; fileEncoding = 4; lastKnownFileType = sourcecode.c.h; path = CWCommon.h; sourceTree = "<group>"; };
		288765A40DF7441C002DB57D /* CoreGraphics.framework */ = {isa = PBXFileReference; lastKnownFileType = wrapper.framework; name = CoreGraphics.framework; path = System/Library/Frameworks/CoreGraphics.framework; sourceTree = SDKROOT; };
		294D0D631D0D56D500F7F5D4 /* CoreText.framework */ = {isa = PBXFileReference; lastKnownFileType = wrapper.framework; name = CoreText.framework; path = Platforms/iPhoneOS.platform/Developer/SDKs/iPhoneOS9.3.sdk/System/Library/Frameworks/CoreText.framework; sourceTree = DEVELOPER_DIR; };
		46880B7A19C43A67006E1F66 /* xyg.png */ = {isa = PBXFileReference; lastKnownFileType = image.png; path = xyg.png; sourceTree = "<group>"; };
		46880B8419C43A87006E1F66 /* AppDelegate.cpp */ = {isa = PBXFileReference; fileEncoding = 4; lastKnownFileType = sourcecode.cpp.cpp; path = AppDelegate.cpp; sourceTree = "<group>"; };
		46880B8519C43A87006E1F66 /* AppDelegate.h */ = {isa = PBXFileReference; fileEncoding = 4; lastKnownFileType = sourcecode.c.h; path = AppDelegate.h; sourceTree = "<group>"; };
		46880B8619C43A87006E1F66 /* HelloWorldScene.cpp */ = {isa = PBXFileReference; fileEncoding = 4; lastKnownFileType = sourcecode.cpp.cpp; path = HelloWorldScene.cpp; sourceTree = "<group>"; };
		46880B8719C43A87006E1F66 /* HelloWorldScene.h */ = {isa = PBXFileReference; fileEncoding = 4; lastKnownFileType = sourcecode.c.h; path = HelloWorldScene.h; sourceTree = "<group>"; };
		503AE0F617EB97AB00D1A890 /* Icon.icns */ = {isa = PBXFileReference; lastKnownFileType = image.icns; path = Icon.icns; sourceTree = "<group>"; };
		503AE0F717EB97AB00D1A890 /* Info.plist */ = {isa = PBXFileReference; fileEncoding = 4; lastKnownFileType = text.plist.xml; path = Info.plist; sourceTree = "<group>"; };
		503AE0FA17EB989F00D1A890 /* AppController.h */ = {isa = PBXFileReference; fileEncoding = 4; lastKnownFileType = sourcecode.c.h; name = AppController.h; path = ios/AppController.h; sourceTree = SOURCE_ROOT; };
		503AE0FB17EB989F00D1A890 /* AppController.mm */ = {isa = PBXFileReference; fileEncoding = 4; lastKnownFileType = sourcecode.cpp.objcpp; name = AppController.mm; path = ios/AppController.mm; sourceTree = SOURCE_ROOT; };
		503AE0FC17EB989F00D1A890 /* main.m */ = {isa = PBXFileReference; fileEncoding = 4; lastKnownFileType = sourcecode.c.objc; name = main.m; path = ios/main.m; sourceTree = SOURCE_ROOT; };
		503AE0FD17EB989F00D1A890 /* Prefix.pch */ = {isa = PBXFileReference; fileEncoding = 4; lastKnownFileType = sourcecode.c.h; name = Prefix.pch; path = ios/Prefix.pch; sourceTree = SOURCE_ROOT; };
		503AE0FE17EB989F00D1A890 /* RootViewController.h */ = {isa = PBXFileReference; fileEncoding = 4; lastKnownFileType = sourcecode.c.h; name = RootViewController.h; path = ios/RootViewController.h; sourceTree = SOURCE_ROOT; };
		503AE0FF17EB989F00D1A890 /* RootViewController.mm */ = {isa = PBXFileReference; fileEncoding = 4; lastKnownFileType = sourcecode.cpp.objcpp; name = RootViewController.mm; path = ios/RootViewController.mm; sourceTree = SOURCE_ROOT; };
		503AE10317EB98FF00D1A890 /* main.cpp */ = {isa = PBXFileReference; fileEncoding = 4; lastKnownFileType = sourcecode.cpp.cpp; name = main.cpp; path = mac/main.cpp; sourceTree = "<group>"; };
		503AE10417EB98FF00D1A890 /* Prefix.pch */ = {isa = PBXFileReference; fileEncoding = 4; lastKnownFileType = sourcecode.c.h; name = Prefix.pch; path = mac/Prefix.pch; sourceTree = "<group>"; };
		503AE11117EB99EE00D1A890 /* libcurl.dylib */ = {isa = PBXFileReference; lastKnownFileType = "compiled.mach-o.dylib"; name = libcurl.dylib; path = usr/lib/libcurl.dylib; sourceTree = SDKROOT; };
		503AE11A17EB9C5A00D1A890 /* IOKit.framework */ = {isa = PBXFileReference; lastKnownFileType = wrapper.framework; name = IOKit.framework; path = System/Library/Frameworks/IOKit.framework; sourceTree = SDKROOT; };
		5087E76F17EB910900C73F5D /* ChineseOfficialMahjongHelper-desktop.app */ = {isa = PBXFileReference; explicitFileType = wrapper.application; includeInIndex = 0; path = "ChineseOfficialMahjongHelper-desktop.app"; sourceTree = BUILT_PRODUCTS_DIR; };
		5087E77217EB970100C73F5D /* Default-568h@2x.png */ = {isa = PBXFileReference; lastKnownFileType = image.png; path = "Default-568h@2x.png"; sourceTree = "<group>"; };
		5087E77317EB970100C73F5D /* Default.png */ = {isa = PBXFileReference; lastKnownFileType = image.png; path = Default.png; sourceTree = "<group>"; };
		5087E77417EB970100C73F5D /* Default@2x.png */ = {isa = PBXFileReference; lastKnownFileType = image.png; path = "Default@2x.png"; sourceTree = "<group>"; };
		5087E77517EB970100C73F5D /* Icon-114.png */ = {isa = PBXFileReference; lastKnownFileType = image.png; path = "Icon-114.png"; sourceTree = "<group>"; };
		5087E77617EB970100C73F5D /* Icon-120.png */ = {isa = PBXFileReference; lastKnownFileType = image.png; path = "Icon-120.png"; sourceTree = "<group>"; };
		5087E77917EB970100C73F5D /* Icon-57.png */ = {isa = PBXFileReference; lastKnownFileType = image.png; path = "Icon-57.png"; sourceTree = "<group>"; };
		5087E77A17EB970100C73F5D /* Icon-72.png */ = {isa = PBXFileReference; lastKnownFileType = image.png; path = "Icon-72.png"; sourceTree = "<group>"; };
		5087E77B17EB970100C73F5D /* Icon-76.png */ = {isa = PBXFileReference; lastKnownFileType = image.png; path = "Icon-76.png"; sourceTree = "<group>"; };
		5087E77C17EB970100C73F5D /* Info.plist */ = {isa = PBXFileReference; fileEncoding = 4; lastKnownFileType = text.plist.xml; path = Info.plist; sourceTree = "<group>"; };
		5087E78817EB974C00C73F5D /* AppKit.framework */ = {isa = PBXFileReference; lastKnownFileType = wrapper.framework; name = AppKit.framework; path = System/Library/Frameworks/AppKit.framework; sourceTree = SDKROOT; };
		5087E78A17EB975400C73F5D /* OpenGL.framework */ = {isa = PBXFileReference; lastKnownFileType = wrapper.framework; name = OpenGL.framework; path = System/Library/Frameworks/OpenGL.framework; sourceTree = SDKROOT; };
		50EF629217ECD46A001EB2F8 /* Icon-40.png */ = {isa = PBXFileReference; lastKnownFileType = image.png; path = "Icon-40.png"; sourceTree = "<group>"; };
		50EF629317ECD46A001EB2F8 /* Icon-58.png */ = {isa = PBXFileReference; lastKnownFileType = image.png; path = "Icon-58.png"; sourceTree = "<group>"; };
		50EF629417ECD46A001EB2F8 /* Icon-80.png */ = {isa = PBXFileReference; lastKnownFileType = image.png; path = "Icon-80.png"; sourceTree = "<group>"; };
		50EF629517ECD46A001EB2F8 /* Icon-100.png */ = {isa = PBXFileReference; lastKnownFileType = image.png; path = "Icon-100.png"; sourceTree = "<group>"; };
		50EF62A017ECD613001EB2F8 /* Icon-29.png */ = {isa = PBXFileReference; lastKnownFileType = image.png; path = "Icon-29.png"; sourceTree = "<group>"; };
		50EF62A117ECD613001EB2F8 /* Icon-50.png */ = {isa = PBXFileReference; lastKnownFileType = image.png; path = "Icon-50.png"; sourceTree = "<group>"; };
		521A8E6219F0C34300D177D7 /* Default-667h@2x.png */ = {isa = PBXFileReference; lastKnownFileType = image.png; path = "Default-667h@2x.png"; sourceTree = "<group>"; };
		521A8E6319F0C34300D177D7 /* Default-736h@3x.png */ = {isa = PBXFileReference; lastKnownFileType = image.png; path = "Default-736h@3x.png"; sourceTree = "<group>"; };
		521A8EA819F11F5000D177D7 /* fonts */ = {isa = PBXFileReference; lastKnownFileType = folder; path = fonts; sourceTree = "<group>"; };
		52B47A461A53D09B004E4C60 /* Security.framework */ = {isa = PBXFileReference; lastKnownFileType = wrapper.framework; name = Security.framework; path = Platforms/iPhoneOS.platform/Developer/SDKs/iPhoneOS8.1.sdk/System/Library/Frameworks/Security.framework; sourceTree = DEVELOPER_DIR; };
		8262943D1AAF051F00CB7CF7 /* Security.framework */ = {isa = PBXFileReference; lastKnownFileType = wrapper.framework; name = Security.framework; path = System/Library/Frameworks/Security.framework; sourceTree = SDKROOT; };
		BF170DB012928DE900B8313A /* OpenGLES.framework */ = {isa = PBXFileReference; lastKnownFileType = wrapper.framework; name = OpenGLES.framework; path = System/Library/Frameworks/OpenGLES.framework; sourceTree = SDKROOT; };
		BF170DB412928DE900B8313A /* libz.dylib */ = {isa = PBXFileReference; lastKnownFileType = "compiled.mach-o.dylib"; name = libz.dylib; path = usr/lib/libz.dylib; sourceTree = SDKROOT; };
		BF1C47EA1293683800B63C5D /* QuartzCore.framework */ = {isa = PBXFileReference; lastKnownFileType = wrapper.framework; name = QuartzCore.framework; path = System/Library/Frameworks/QuartzCore.framework; sourceTree = SDKROOT; };
		D44C620B132DFF330009C878 /* OpenAL.framework */ = {isa = PBXFileReference; lastKnownFileType = wrapper.framework; name = OpenAL.framework; path = System/Library/Frameworks/OpenAL.framework; sourceTree = SDKROOT; };
		D44C620D132DFF430009C878 /* AVFoundation.framework */ = {isa = PBXFileReference; lastKnownFileType = wrapper.framework; name = AVFoundation.framework; path = System/Library/Frameworks/AVFoundation.framework; sourceTree = SDKROOT; };
		D44C620F132DFF4E0009C878 /* AudioToolbox.framework */ = {isa = PBXFileReference; lastKnownFileType = wrapper.framework; name = AudioToolbox.framework; path = System/Library/Frameworks/AudioToolbox.framework; sourceTree = SDKROOT; };
		D6B0611A1803AB670077942B /* CoreMotion.framework */ = {isa = PBXFileReference; lastKnownFileType = wrapper.framework; name = CoreMotion.framework; path = Platforms/iPhoneOS.platform/Developer/SDKs/iPhoneOS7.0.sdk/System/Library/Frameworks/CoreMotion.framework; sourceTree = DEVELOPER_DIR; };
		ED545A7B1B68A1F400C3958E /* libiconv.dylib */ = {isa = PBXFileReference; lastKnownFileType = "compiled.mach-o.dylib"; name = libiconv.dylib; path = Platforms/iPhoneOS.platform/Developer/SDKs/iPhoneOS8.4.sdk/usr/lib/libiconv.dylib; sourceTree = DEVELOPER_DIR; };
		ED545A7D1B68A1FA00C3958E /* libiconv.dylib */ = {isa = PBXFileReference; lastKnownFileType = "compiled.mach-o.dylib"; name = libiconv.dylib; path = usr/lib/libiconv.dylib; sourceTree = SDKROOT; };
/* End PBXFileReference section */

/* Begin PBXFrameworksBuildPhase section */
		1D60588F0D05DD3D006BFB54 /* Frameworks */ = {
			isa = PBXFrameworksBuildPhase;
			buildActionMask = 2147483647;
			files = (
				294D0D641D0D56D500F7F5D4 /* CoreText.framework in Frameworks */,
				ED545A7C1B68A1F400C3958E /* libiconv.dylib in Frameworks */,
				52B47A471A53D09C004E4C60 /* Security.framework in Frameworks */,
				1AC6FB30180E99EB004C840B /* libcocos2d iOS.a in Frameworks */,
				D6B0611B1803AB670077942B /* CoreMotion.framework in Frameworks */,
				1D60589F0D05DD5A006BFB54 /* Foundation.framework in Frameworks */,
				1DF5F4E00D08C38300B7A737 /* UIKit.framework in Frameworks */,
				288765A50DF7441C002DB57D /* CoreGraphics.framework in Frameworks */,
				BF171245129291EC00B8313A /* OpenGLES.framework in Frameworks */,
				BF1712471292920000B8313A /* libz.dylib in Frameworks */,
				BF1C47F01293687400B63C5D /* QuartzCore.framework in Frameworks */,
				D44C620C132DFF330009C878 /* OpenAL.framework in Frameworks */,
				D44C620E132DFF430009C878 /* AVFoundation.framework in Frameworks */,
				D44C6210132DFF4E0009C878 /* AudioToolbox.framework in Frameworks */,
			);
			runOnlyForDeploymentPostprocessing = 0;
		};
		5087E75C17EB910900C73F5D /* Frameworks */ = {
			isa = PBXFrameworksBuildPhase;
			buildActionMask = 2147483647;
			files = (
				ED545A7E1B68A1FA00C3958E /* libiconv.dylib in Frameworks */,
				1AC6FB21180E996B004C840B /* libcocos2d Mac.a in Frameworks */,
				5087E76717EB910900C73F5D /* libz.dylib in Frameworks */,
				8262943E1AAF051F00CB7CF7 /* Security.framework in Frameworks */,
				503AE11B17EB9C5A00D1A890 /* IOKit.framework in Frameworks */,
				5087E78B17EB975400C73F5D /* OpenGL.framework in Frameworks */,
				5087E78917EB974C00C73F5D /* AppKit.framework in Frameworks */,
				5087E76317EB910900C73F5D /* Foundation.framework in Frameworks */,
				5087E76817EB910900C73F5D /* QuartzCore.framework in Frameworks */,
				5087E76917EB910900C73F5D /* OpenAL.framework in Frameworks */,
				5087E76A17EB910900C73F5D /* AVFoundation.framework in Frameworks */,
				5087E76B17EB910900C73F5D /* AudioToolbox.framework in Frameworks */,
			);
			runOnlyForDeploymentPostprocessing = 0;
		};
/* End PBXFrameworksBuildPhase section */

/* Begin PBXGroup section */
		080E96DDFE201D6D7F000001 /* ios */ = {
			isa = PBXGroup;
			children = (
				5087E77117EB970100C73F5D /* Icons */,
				503AE0FA17EB989F00D1A890 /* AppController.h */,
				503AE0FB17EB989F00D1A890 /* AppController.mm */,
				503AE0FC17EB989F00D1A890 /* main.m */,
				503AE0FD17EB989F00D1A890 /* Prefix.pch */,
				503AE0FE17EB989F00D1A890 /* RootViewController.h */,
				503AE0FF17EB989F00D1A890 /* RootViewController.mm */,
			);
			name = ios;
			path = Classes;
			sourceTree = "<group>";
		};
		19C28FACFE9D520D11CA2CBB /* Products */ = {
			isa = PBXGroup;
			children = (
				1D6058910D05DD3D006BFB54 /* ChineseOfficialMahjongHelper-mobile.app */,
				5087E76F17EB910900C73F5D /* ChineseOfficialMahjongHelper-desktop.app */,
			);
			name = Products;
			sourceTree = "<group>";
		};
		1AC6FAE6180E9839004C840B /* Products */ = {
			isa = PBXGroup;
			children = (
				1AC6FAF9180E9839004C840B /* libcocos2d Mac.a */,
				1AC6FB07180E9839004C840B /* libcocos2d iOS.a */,
			);
			name = Products;
			sourceTree = "<group>";
		};
		1F154E391E4409420083F8B3 /* MahjongTheory */ = {
			isa = PBXGroup;
			children = (
				1F154E3A1E4409420083F8B3 /* MahjongTheoryScene.cpp */,
				1F154E3B1E4409420083F8B3 /* MahjongTheoryScene.h */,
			);
			path = MahjongTheory;
			sourceTree = "<group>";
		};
		1F31F1E71EDEA6A800EBEE2C /* CompetitionSystem */ = {
			isa = PBXGroup;
			children = (
				1FE17A6D1EE0FF9300B47FE3 /* Competition.cpp */,
				1FE17A6E1EE0FF9300B47FE3 /* Competition.h */,
				1F68AFC51F03366800B4BB97 /* CompetitionEnrollScene.cpp */,
				1F68AFC61F03366800B4BB97 /* CompetitionEnrollScene.h */,
				1F0B2C1F1F7F8779004E8EA6 /* CompetitionHistoryScene.cpp */,
				1F0B2C201F7F8779004E8EA6 /* CompetitionHistoryScene.h */,
				1F68AFC71F03366800B4BB97 /* CompetitionMainScene.cpp */,
				1F68AFC81F03366900B4BB97 /* CompetitionMainScene.h */,
				1FE17A6F1EE0FF9300B47FE3 /* CompetitionRankCustomScene.cpp */,
				1FE17A701EE0FF9300B47FE3 /* CompetitionRankCustomScene.h */,
				1FE17A711EE0FF9300B47FE3 /* CompetitionRoundScene.cpp */,
				1FE17A721EE0FF9300B47FE3 /* CompetitionRoundScene.h */,
				1FE17A731EE0FF9300B47FE3 /* CompetitionTableScene.cpp */,
				1FE17A741EE0FF9300B47FE3 /* CompetitionTableScene.h */,
				1FF089FA1F829B03008F2629 /* EditBoxDelegateWrapper.hpp */,
			);
			name = CompetitionSystem;
			sourceTree = "<group>";
		};
		1F764BE81CC5DB1F00844DAF /* Other */ = {
			isa = PBXGroup;
			children = (
				1F764BE91CC5DB1F00844DAF /* OtherScene.cpp */,
				1F764BEA1CC5DB1F00844DAF /* OtherScene.h */,
			);
			path = Other;
			sourceTree = "<group>";
		};
		1FDCF7BB1F738E1C00D9C608 /* cocos-wheels */ = {
			isa = PBXGroup;
			children = (
				1FFE17A11F9BB17200714066 /* CWCommon.cpp */,
				1FFE17A21F9BB17200714066 /* CWCommon.h */,
				1FDCF7BD1F738E1D00D9C608 /* CWTableView.cpp */,
				1FDCF7BE1F738E1D00D9C608 /* CWTableView.h */,
			);
			path = "cocos-wheels";
			sourceTree = "<group>";
		};
		1FDCF7C41F738EE400D9C608 /* utils */ = {
			isa = PBXGroup;
			children = (
				1FDCF7C51F738EE400D9C608 /* common.cpp */,
				1FDCF7C61F738EE400D9C608 /* common.h */,
				1FDCF7C71F738EE400D9C608 /* compiler.h */,
			);
			path = utils;
			sourceTree = "<group>";
		};
		1FDD943B1C8337140031BC38 /* mahjong-algorithm */ = {
			isa = PBXGroup;
			children = (
				1FDD943C1C8337140031BC38 /* fan_calculator.cpp */,
				1FDD943D1C8337140031BC38 /* fan_calculator.h */,
				1FDD943F1C8337140031BC38 /* shanten.cpp */,
				1FDD94401C8337140031BC38 /* shanten.h */,
				1F16A62F1F5F8CD500974F88 /* standard_tiles.h */,
				1F154E3F1E440A160083F8B3 /* stringify.cpp */,
				1F154E401E440A160083F8B3 /* stringify.h */,
				1FDD943E1C8337140031BC38 /* tile.h */,
			);
			path = "mahjong-algorithm";
			sourceTree = "<group>";
		};
		1FE04AD61C94682A008401EA /* FanCalculator */ = {
			isa = PBXGroup;
			children = (
				1FE04AD71C94682A008401EA /* FanCalculatorScene.cpp */,
				1FE04AD81C94682A008401EA /* FanCalculatorScene.h */,
			);
			path = FanCalculator;
			sourceTree = "<group>";
		};
		1FE04AD91C94682A008401EA /* RecordSystem */ = {
			isa = PBXGroup;
			children = (
				1F0828A41ED26F8C00F4C424 /* Record.cpp */,
				1FCC3C011CC47200001C9555 /* Record.h */,
				1FCC3BFF1CC47200001C9555 /* RecordHistoryScene.cpp */,
				1FCC3C001CC47200001C9555 /* RecordHistoryScene.h */,
				1FE04ADA1C94682A008401EA /* RecordScene.cpp */,
				1FE04ADB1C94682A008401EA /* RecordScene.h */,
				1FE04ADC1C94682A008401EA /* ScoreSheetScene.cpp */,
				1FE04ADD1C94682A008401EA /* ScoreSheetScene.h */,
			);
			path = RecordSystem;
			sourceTree = "<group>";
		};
		1FE2A3E61CBB30D1008C45C5 /* FanTable */ = {
			isa = PBXGroup;
			children = (
				1FE2A3E71CBB30D1008C45C5 /* FanDefinitionScene.cpp */,
				1FE2A3E81CBB30D1008C45C5 /* FanDefinitionScene.h */,
				1FE2A3E91CBB30D1008C45C5 /* FanTableScene.cpp */,
				1FE2A3EA1CBB30D1008C45C5 /* FanTableScene.h */,
			);
			path = FanTable;
			sourceTree = "<group>";
		};
		1FE5CFDA1CAE029200A5C38B /* widget */ = {
			isa = PBXGroup;
			children = (
				1F2D25851E076FC20071ADE2 /* AlertView.cpp */,
				1F2D25861E076FC20071ADE2 /* AlertView.h */,
				1FA693381E83552300E839CC /* ExtraInfoWidget.cpp */,
				1FA693391E83552300E839CC /* ExtraInfoWidget.h */,
				1FD228F01E39837E00DF5C1D /* HandTilesWidget.cpp */,
				1FD228F11E39837E00DF5C1D /* HandTilesWidget.h */,
				1F16A6311F5F8CFB00974F88 /* LoadingView.h */,
				1FE5CFDB1CAE029200A5C38B /* TilePickWidget.cpp */,
				1FE5CFDC1CAE029200A5C38B /* TilePickWidget.h */,
			);
			path = widget;
			sourceTree = "<group>";
		};
		1FF602581F00D792006BF5E3 /* LatestCompetition */ = {
			isa = PBXGroup;
			children = (
				1FF602591F00D792006BF5E3 /* LatestCompetitionScene.cpp */,
				1FF6025A1F00D792006BF5E3 /* LatestCompetitionScene.h */,
			);
			path = LatestCompetition;
			sourceTree = "<group>";
		};
		29B97314FDCFA39411CA2CEA /* CustomTemplate */ = {
			isa = PBXGroup;
			children = (
				46880B8319C43A87006E1F66 /* Classes */,
				46880B7519C43A67006E1F66 /* Resources */,
				1AC6FAE5180E9839004C840B /* cocos2d_libs.xcodeproj */,
				29B97323FDCFA39411CA2CEA /* Frameworks */,
				080E96DDFE201D6D7F000001 /* ios */,
				503AE10617EB990700D1A890 /* mac */,
				19C28FACFE9D520D11CA2CBB /* Products */,
			);
			name = CustomTemplate;
			sourceTree = "<group>";
		};
		29B97323FDCFA39411CA2CEA /* Frameworks */ = {
			isa = PBXGroup;
			children = (
				294D0D631D0D56D500F7F5D4 /* CoreText.framework */,
				ED545A7D1B68A1FA00C3958E /* libiconv.dylib */,
				ED545A7B1B68A1F400C3958E /* libiconv.dylib */,
				8262943D1AAF051F00CB7CF7 /* Security.framework */,
				52B47A461A53D09B004E4C60 /* Security.framework */,
				D6B0611A1803AB670077942B /* CoreMotion.framework */,
				503AE11A17EB9C5A00D1A890 /* IOKit.framework */,
				503AE11117EB99EE00D1A890 /* libcurl.dylib */,
				5087E78A17EB975400C73F5D /* OpenGL.framework */,
				5087E78817EB974C00C73F5D /* AppKit.framework */,
				1ACB3243164770DE00914215 /* libcurl.a */,
				BF170DB412928DE900B8313A /* libz.dylib */,
				D44C620F132DFF4E0009C878 /* AudioToolbox.framework */,
				D44C620D132DFF430009C878 /* AVFoundation.framework */,
				288765A40DF7441C002DB57D /* CoreGraphics.framework */,
				1D30AB110D05D00D00671497 /* Foundation.framework */,
				D44C620B132DFF330009C878 /* OpenAL.framework */,
				BF170DB012928DE900B8313A /* OpenGLES.framework */,
				BF1C47EA1293683800B63C5D /* QuartzCore.framework */,
				1DF5F4DF0D08C38300B7A737 /* UIKit.framework */,
			);
			name = Frameworks;
			sourceTree = "<group>";
		};
		46880B7519C43A67006E1F66 /* Resources */ = {
			isa = PBXGroup;
			children = (
				1F0828A71ED2756500F4C424 /* drawable */,
				521A8EA819F11F5000D177D7 /* fonts */,
				1FDD950D1C8338700031BC38 /* source_material */,
				1F0828AA1ED276D200F4C424 /* text */,
				1FE5D0471CAE046300A5C38B /* tiles */,
				46880B7A19C43A67006E1F66 /* xyg.png */,
			);
			name = Resources;
			path = ../Resources;
			sourceTree = "<group>";
		};
		46880B8319C43A87006E1F66 /* Classes */ = {
			isa = PBXGroup;
			children = (
				46880B8419C43A87006E1F66 /* AppDelegate.cpp */,
				46880B8519C43A87006E1F66 /* AppDelegate.h */,
				1F6A373D1CBDD3C9001617E6 /* BaseScene.h */,
				1F31F1E71EDEA6A800EBEE2C /* CompetitionSystem */,
				1FDCF7BB1F738E1C00D9C608 /* cocos-wheels */,
				1FE04AD61C94682A008401EA /* FanCalculator */,
				1FE2A3E61CBB30D1008C45C5 /* FanTable */,
				46880B8619C43A87006E1F66 /* HelloWorldScene.cpp */,
				46880B8719C43A87006E1F66 /* HelloWorldScene.h */,
				1FF602581F00D792006BF5E3 /* LatestCompetition */,
				1FDD943B1C8337140031BC38 /* mahjong-algorithm */,
				1F154E391E4409420083F8B3 /* MahjongTheory */,
				1F764BE81CC5DB1F00844DAF /* Other */,
				1FE04AD91C94682A008401EA /* RecordSystem */,
				1FF8820B1F5E60BE009C3449 /* TilesImage.h */,
				1FDCF7C41F738EE400D9C608 /* utils */,
				1FE5CFDA1CAE029200A5C38B /* widget */,
			);
			name = Classes;
			path = ../Classes;
			sourceTree = "<group>";
		};
		503AE0F517EB97AB00D1A890 /* Icons */ = {
			isa = PBXGroup;
			children = (
				503AE0F617EB97AB00D1A890 /* Icon.icns */,
				503AE0F717EB97AB00D1A890 /* Info.plist */,
			);
			name = Icons;
			path = mac;
			sourceTree = SOURCE_ROOT;
		};
		503AE10617EB990700D1A890 /* mac */ = {
			isa = PBXGroup;
			children = (
				503AE0F517EB97AB00D1A890 /* Icons */,
				503AE10317EB98FF00D1A890 /* main.cpp */,
				503AE10417EB98FF00D1A890 /* Prefix.pch */,
			);
			name = mac;
			sourceTree = "<group>";
		};
		5087E77117EB970100C73F5D /* Icons */ = {
			isa = PBXGroup;
			children = (
				521A8E6219F0C34300D177D7 /* Default-667h@2x.png */,
				521A8E6319F0C34300D177D7 /* Default-736h@3x.png */,
				5087E77217EB970100C73F5D /* Default-568h@2x.png */,
				5087E77317EB970100C73F5D /* Default.png */,
				5087E77417EB970100C73F5D /* Default@2x.png */,
				50EF62A017ECD613001EB2F8 /* Icon-29.png */,
				50EF62A117ECD613001EB2F8 /* Icon-50.png */,
				50EF629217ECD46A001EB2F8 /* Icon-40.png */,
				50EF629317ECD46A001EB2F8 /* Icon-58.png */,
				50EF629417ECD46A001EB2F8 /* Icon-80.png */,
				50EF629517ECD46A001EB2F8 /* Icon-100.png */,
				5087E77517EB970100C73F5D /* Icon-114.png */,
				5087E77617EB970100C73F5D /* Icon-120.png */,
				5087E77917EB970100C73F5D /* Icon-57.png */,
				5087E77A17EB970100C73F5D /* Icon-72.png */,
				5087E77B17EB970100C73F5D /* Icon-76.png */,
				5087E77C17EB970100C73F5D /* Info.plist */,
			);
			name = Icons;
			path = ios;
			sourceTree = SOURCE_ROOT;
		};
/* End PBXGroup section */

/* Begin PBXNativeTarget section */
		1D6058900D05DD3D006BFB54 /* ChineseOfficialMahjongHelper-mobile */ = {
			isa = PBXNativeTarget;
			buildConfigurationList = 1D6058960D05DD3E006BFB54 /* Build configuration list for PBXNativeTarget "ChineseOfficialMahjongHelper-mobile" */;
			buildPhases = (
				1D60588D0D05DD3D006BFB54 /* Resources */,
				1D60588E0D05DD3D006BFB54 /* Sources */,
				1D60588F0D05DD3D006BFB54 /* Frameworks */,
			);
			buildRules = (
			);
			dependencies = (
				1AC6FB25180E99E1004C840B /* PBXTargetDependency */,
			);
			name = "ChineseOfficialMahjongHelper-mobile";
			productName = iphone;
			productReference = 1D6058910D05DD3D006BFB54 /* ChineseOfficialMahjongHelper-mobile.app */;
			productType = "com.apple.product-type.application";
		};
		5087E73D17EB910900C73F5D /* ChineseOfficialMahjongHelper-desktop */ = {
			isa = PBXNativeTarget;
			buildConfigurationList = 5087E76C17EB910900C73F5D /* Build configuration list for PBXNativeTarget "ChineseOfficialMahjongHelper-desktop" */;
			buildPhases = (
				5087E74817EB910900C73F5D /* Resources */,
				5087E75617EB910900C73F5D /* Sources */,
				5087E75C17EB910900C73F5D /* Frameworks */,
			);
			buildRules = (
			);
			dependencies = (
				1AC6FB16180E9959004C840B /* PBXTargetDependency */,
			);
			name = "ChineseOfficialMahjongHelper-desktop";
			productName = iphone;
			productReference = 5087E76F17EB910900C73F5D /* ChineseOfficialMahjongHelper-desktop.app */;
			productType = "com.apple.product-type.application";
		};
/* End PBXNativeTarget section */

/* Begin PBXProject section */
		29B97313FDCFA39411CA2CEA /* Project object */ = {
			isa = PBXProject;
			attributes = {
				LastUpgradeCheck = 0500;
			};
			buildConfigurationList = C01FCF4E08A954540054247B /* Build configuration list for PBXProject "ChineseOfficialMahjongHelper" */;
			compatibilityVersion = "Xcode 3.2";
			developmentRegion = English;
			hasScannedForEncodings = 1;
			knownRegions = (
				English,
				Japanese,
				French,
				German,
			);
			mainGroup = 29B97314FDCFA39411CA2CEA /* CustomTemplate */;
			projectDirPath = "";
			projectReferences = (
				{
					ProductGroup = 1AC6FAE6180E9839004C840B /* Products */;
					ProjectRef = 1AC6FAE5180E9839004C840B /* cocos2d_libs.xcodeproj */;
				},
			);
			projectRoot = "";
			targets = (
				1D6058900D05DD3D006BFB54 /* ChineseOfficialMahjongHelper-mobile */,
				5087E73D17EB910900C73F5D /* ChineseOfficialMahjongHelper-desktop */,
			);
		};
/* End PBXProject section */

/* Begin PBXReferenceProxy section */
		1AC6FAF9180E9839004C840B /* libcocos2d Mac.a */ = {
			isa = PBXReferenceProxy;
			fileType = archive.ar;
			path = "libcocos2d Mac.a";
			remoteRef = 1AC6FAF8180E9839004C840B /* PBXContainerItemProxy */;
			sourceTree = BUILT_PRODUCTS_DIR;
		};
		1AC6FB07180E9839004C840B /* libcocos2d iOS.a */ = {
			isa = PBXReferenceProxy;
			fileType = archive.ar;
			path = "libcocos2d iOS.a";
			remoteRef = 1AC6FB06180E9839004C840B /* PBXContainerItemProxy */;
			sourceTree = BUILT_PRODUCTS_DIR;
		};
/* End PBXReferenceProxy section */

/* Begin PBXResourcesBuildPhase section */
		1D60588D0D05DD3D006BFB54 /* Resources */ = {
			isa = PBXResourcesBuildPhase;
			buildActionMask = 2147483647;
			files = (
				5087E78117EB970100C73F5D /* Icon-120.png in Resources */,
				5087E78617EB970100C73F5D /* Icon-76.png in Resources */,
				5087E77F17EB970100C73F5D /* Default@2x.png in Resources */,
				50EF629917ECD46A001EB2F8 /* Icon-100.png in Resources */,
				46880B8119C43A67006E1F66 /* xyg.png in Resources */,
				5087E77D17EB970100C73F5D /* Default-568h@2x.png in Resources */,
				5087E78517EB970100C73F5D /* Icon-72.png in Resources */,
				521A8E6519F0C34300D177D7 /* Default-736h@3x.png in Resources */,
				1F0828A81ED2756500F4C424 /* drawable in Resources */,
				1F0828AB1ED276D200F4C424 /* text in Resources */,
				1FE5D0481CAE046300A5C38B /* tiles in Resources */,
				521A8EA919F11F5000D177D7 /* fonts in Resources */,
				50EF62A317ECD613001EB2F8 /* Icon-50.png in Resources */,
				5087E78017EB970100C73F5D /* Icon-114.png in Resources */,
				50EF62A217ECD613001EB2F8 /* Icon-29.png in Resources */,
				50EF629617ECD46A001EB2F8 /* Icon-40.png in Resources */,
				50EF629817ECD46A001EB2F8 /* Icon-80.png in Resources */,
				5087E78417EB970100C73F5D /* Icon-57.png in Resources */,
				5087E77E17EB970100C73F5D /* Default.png in Resources */,
				521A8E6419F0C34300D177D7 /* Default-667h@2x.png in Resources */,
				50EF629717ECD46A001EB2F8 /* Icon-58.png in Resources */,
				1FDD950E1C8338700031BC38 /* source_material in Resources */,
			);
			runOnlyForDeploymentPostprocessing = 0;
		};
		5087E74817EB910900C73F5D /* Resources */ = {
			isa = PBXResourcesBuildPhase;
			buildActionMask = 2147483647;
			files = (
				46880B8219C43A67006E1F66 /* xyg.png in Resources */,
				503AE0F817EB97AB00D1A890 /* Icon.icns in Resources */,
				521A8EAA19F11F5000D177D7 /* fonts in Resources */,
				1FE5D0491CAE046300A5C38B /* tiles in Resources */,
				1F0828A91ED2756500F4C424 /* drawable in Resources */,
				1FDD950F1C8338700031BC38 /* source_material in Resources */,
				1F0828AC1ED276D200F4C424 /* text in Resources */,
			);
			runOnlyForDeploymentPostprocessing = 0;
		};
/* End PBXResourcesBuildPhase section */

/* Begin PBXSourcesBuildPhase section */
		1D60588E0D05DD3D006BFB54 /* Sources */ = {
			isa = PBXSourcesBuildPhase;
			buildActionMask = 2147483647;
			files = (
				1FDD94431C8337140031BC38 /* fan_calculator.cpp in Sources */,
				1FA6933A1E83552300E839CC /* ExtraInfoWidget.cpp in Sources */,
				1F0828A51ED26F8C00F4C424 /* Record.cpp in Sources */,
				1FE17A791EE0FF9300B47FE3 /* CompetitionRoundScene.cpp in Sources */,
				1F764BEB1CC5DB1F00844DAF /* OtherScene.cpp in Sources */,
				1FD228F21E39837E00DF5C1D /* HandTilesWidget.cpp in Sources */,
				1FDCF7BF1F738E1D00D9C608 /* CWTableView.cpp in Sources */,
				1F68AFC91F03366900B4BB97 /* CompetitionEnrollScene.cpp in Sources */,
				1FE2A3ED1CBB30D1008C45C5 /* FanTableScene.cpp in Sources */,
				1FE5CFDD1CAE029200A5C38B /* TilePickWidget.cpp in Sources */,
				1FE1019A1F74964E001C3FA8 /* common.cpp in Sources */,
				1F154E411E440A160083F8B3 /* stringify.cpp in Sources */,
				1F154E3C1E4409420083F8B3 /* MahjongTheoryScene.cpp in Sources */,
				1F2D25871E076FC20071ADE2 /* AlertView.cpp in Sources */,
				1FE17A771EE0FF9300B47FE3 /* CompetitionRankCustomScene.cpp in Sources */,
				46880B8819C43A87006E1F66 /* AppDelegate.cpp in Sources */,
				1FFE17A31F9BB17200714066 /* CWCommon.cpp in Sources */,
				1FDD94451C8337140031BC38 /* shanten.cpp in Sources */,
				46880B8A19C43A87006E1F66 /* HelloWorldScene.cpp in Sources */,
				503AE10017EB989F00D1A890 /* AppController.mm in Sources */,
				1FF6025B1F00D792006BF5E3 /* LatestCompetitionScene.cpp in Sources */,
				503AE10217EB989F00D1A890 /* RootViewController.mm in Sources */,
				1F68AFCB1F03366900B4BB97 /* CompetitionMainScene.cpp in Sources */,
				1F0B2C211F7F8779004E8EA6 /* CompetitionHistoryScene.cpp in Sources */,
				1FE17A7B1EE0FF9300B47FE3 /* CompetitionTableScene.cpp in Sources */,
				503AE10117EB989F00D1A890 /* main.m in Sources */,
				1FE17A751EE0FF9300B47FE3 /* Competition.cpp in Sources */,
				1FCC3C021CC47200001C9555 /* RecordHistoryScene.cpp in Sources */,
				1FE04AE01C94682A008401EA /* RecordScene.cpp in Sources */,
				1FE2A3EB1CBB30D1008C45C5 /* FanDefinitionScene.cpp in Sources */,
				1FE04ADE1C94682A008401EA /* FanCalculatorScene.cpp in Sources */,
				1FE04AE21C94682A008401EA /* ScoreSheetScene.cpp in Sources */,
			);
			runOnlyForDeploymentPostprocessing = 0;
		};
		5087E75617EB910900C73F5D /* Sources */ = {
			isa = PBXSourcesBuildPhase;
			buildActionMask = 2147483647;
			files = (
				1F0B2C221F7F8779004E8EA6 /* CompetitionHistoryScene.cpp in Sources */,
				1FDD94441C8337140031BC38 /* fan_calculator.cpp in Sources */,
				1FE17A7A1EE0FF9300B47FE3 /* CompetitionRoundScene.cpp in Sources */,
				1FE17A781EE0FF9300B47FE3 /* CompetitionRankCustomScene.cpp in Sources */,
				1FCC3C031CC47200001C9555 /* RecordHistoryScene.cpp in Sources */,
				1FE1019E1F74964E001C3FA8 /* common.cpp in Sources */,
				1FF6025C1F00D792006BF5E3 /* LatestCompetitionScene.cpp in Sources */,
				1FDCF7C01F738E1D00D9C608 /* CWTableView.cpp in Sources */,
				1FE2A3EE1CBB30D1008C45C5 /* FanTableScene.cpp in Sources */,
				1FE2A3EC1CBB30D1008C45C5 /* FanDefinitionScene.cpp in Sources */,
				1FFE17A41F9BB17200714066 /* CWCommon.cpp in Sources */,
				1F154E3D1E4409420083F8B3 /* MahjongTheoryScene.cpp in Sources */,
				1FA6933B1E83552300E839CC /* ExtraInfoWidget.cpp in Sources */,
				1FD228F31E39837E00DF5C1D /* HandTilesWidget.cpp in Sources */,
				1F2D25881E076FC20071ADE2 /* AlertView.cpp in Sources */,
				1F4192751E10A10200CDC47D /* CWTableView.cpp in Sources */,
				1F68AFCA1F03366900B4BB97 /* CompetitionEnrollScene.cpp in Sources */,
				1F0828A61ED26F8C00F4C424 /* Record.cpp in Sources */,
				46880B8919C43A87006E1F66 /* AppDelegate.cpp in Sources */,
				503AE10517EB98FF00D1A890 /* main.cpp in Sources */,
				1FE04ADF1C94682A008401EA /* FanCalculatorScene.cpp in Sources */,
				1F154E421E440A160083F8B3 /* stringify.cpp in Sources */,
				1FE17A7C1EE0FF9300B47FE3 /* CompetitionTableScene.cpp in Sources */,
				1F764BEC1CC5DB1F00844DAF /* OtherScene.cpp in Sources */,
				46880B8B19C43A87006E1F66 /* HelloWorldScene.cpp in Sources */,
				1FDD94461C8337140031BC38 /* shanten.cpp in Sources */,
				1FE04AE11C94682A008401EA /* RecordScene.cpp in Sources */,
				1FE17A761EE0FF9300B47FE3 /* Competition.cpp in Sources */,
				1FE5CFDE1CAE029200A5C38B /* TilePickWidget.cpp in Sources */,
				1FE04AE31C94682A008401EA /* ScoreSheetScene.cpp in Sources */,
				1F68AFCC1F03366900B4BB97 /* CompetitionMainScene.cpp in Sources */,
			);
			runOnlyForDeploymentPostprocessing = 0;
		};
/* End PBXSourcesBuildPhase section */

/* Begin PBXTargetDependency section */
		1AC6FB16180E9959004C840B /* PBXTargetDependency */ = {
			isa = PBXTargetDependency;
			name = "cocos2dx Mac";
			targetProxy = 1AC6FB15180E9959004C840B /* PBXContainerItemProxy */;
		};
		1AC6FB25180E99E1004C840B /* PBXTargetDependency */ = {
			isa = PBXTargetDependency;
			name = "cocos2dx iOS";
			targetProxy = 1AC6FB24180E99E1004C840B /* PBXContainerItemProxy */;
		};
/* End PBXTargetDependency section */

/* Begin XCBuildConfiguration section */
		1D6058940D05DD3E006BFB54 /* Debug */ = {
			isa = XCBuildConfiguration;
			buildSettings = {
				ALWAYS_SEARCH_USER_PATHS = YES;
				CODE_SIGN_IDENTITY = "iPhone Developer";
				COMPRESS_PNG_FILES = NO;
				ENABLE_BITCODE = NO;
				GCC_DYNAMIC_NO_PIC = NO;
				GCC_INLINES_ARE_PRIVATE_EXTERN = NO;
				GCC_PRECOMPILE_PREFIX_HEADER = YES;
				GCC_PREFIX_HEADER = ios/Prefix.pch;
				GCC_PREPROCESSOR_DEFINITIONS = (
					USE_FILE32API,
					"COCOS2D_DEBUG=1",
					"CC_ENABLE_CHIPMUNK_INTEGRATION=1",
				);
				GCC_SYMBOLS_PRIVATE_EXTERN = NO;
				HEADER_SEARCH_PATHS = "$(inherited)";
				INFOPLIST_FILE = ios/Info.plist;
				IPHONEOS_DEPLOYMENT_TARGET = 6.0;
				LIBRARY_SEARCH_PATHS = "";
				OTHER_LDFLAGS = (
					"$(_COCOS_LIB_IOS_BEGIN)",
					"$(_COCOS_LIB_IOS_END)",
				);
				SDKROOT = iphoneos;
				STRIP_PNG_TEXT = NO;
				TARGETED_DEVICE_FAMILY = "1,2";
				USER_HEADER_SEARCH_PATHS = "$(_COCOS_HEADER_IOS_BEGIN) $(_COCOS_HEADER_IOS_END)";
				VALID_ARCHS = "arm64 armv7";
			};
			name = Debug;
		};
		1D6058950D05DD3E006BFB54 /* Release */ = {
			isa = XCBuildConfiguration;
			buildSettings = {
				ALWAYS_SEARCH_USER_PATHS = YES;
				CODE_SIGN_IDENTITY = "iPhone Developer";
				COMPRESS_PNG_FILES = NO;
				ENABLE_BITCODE = NO;
				GCC_INLINES_ARE_PRIVATE_EXTERN = NO;
				GCC_PRECOMPILE_PREFIX_HEADER = YES;
				GCC_PREFIX_HEADER = ios/Prefix.pch;
				GCC_PREPROCESSOR_DEFINITIONS = (
					USE_FILE32API,
					"CC_ENABLE_CHIPMUNK_INTEGRATION=1",
					NDEBUG,
				);
				GCC_SYMBOLS_PRIVATE_EXTERN = NO;
				HEADER_SEARCH_PATHS = "$(inherited)";
				INFOPLIST_FILE = ios/Info.plist;
				IPHONEOS_DEPLOYMENT_TARGET = 6.0;
				LIBRARY_SEARCH_PATHS = "";
				OTHER_LDFLAGS = (
					"$(_COCOS_LIB_IOS_BEGIN)",
					"$(_COCOS_LIB_IOS_END)",
				);
				SDKROOT = iphoneos;
				STRIP_PNG_TEXT = NO;
				TARGETED_DEVICE_FAMILY = "1,2";
				USER_HEADER_SEARCH_PATHS = "$(_COCOS_HEADER_IOS_BEGIN) $(_COCOS_HEADER_IOS_END)";
				VALID_ARCHS = "arm64 armv7";
			};
			name = Release;
		};
		5087E76D17EB910900C73F5D /* Debug */ = {
			isa = XCBuildConfiguration;
			buildSettings = {
				ALWAYS_SEARCH_USER_PATHS = YES;
				ARCHS = "$(ARCHS_STANDARD_64_BIT)";
				CLANG_CXX_LANGUAGE_STANDARD = "c++0x";
				CLANG_CXX_LIBRARY = "libc++";
				GCC_DYNAMIC_NO_PIC = NO;
				GCC_INLINES_ARE_PRIVATE_EXTERN = NO;
				GCC_PRECOMPILE_PREFIX_HEADER = YES;
				GCC_PREFIX_HEADER = mac/Prefix.pch;
				GCC_PREPROCESSOR_DEFINITIONS = (
					USE_FILE32API,
					"COCOS2D_DEBUG=1",
					"CC_ENABLE_CHIPMUNK_INTEGRATION=1",
				);
				GCC_SYMBOLS_PRIVATE_EXTERN = NO;
				HEADER_SEARCH_PATHS = (
					"$(inherited)",
					"$(SRCROOT)/../cocos2d/external/glfw3/include/mac",
				);
				INFOPLIST_FILE = mac/Info.plist;
				LIBRARY_SEARCH_PATHS = "";
				OTHER_LDFLAGS = (
					"$(_COCOS_LIB_MAC_BEGIN)",
					"$(_COCOS_LIB_MAC_END)",
				);
				USER_HEADER_SEARCH_PATHS = "$(_COCOS_HEADER_MAC_BEGIN) $(_COCOS_HEADER_MAC_END)";
			};
			name = Debug;
		};
		5087E76E17EB910900C73F5D /* Release */ = {
			isa = XCBuildConfiguration;
			buildSettings = {
				ALWAYS_SEARCH_USER_PATHS = YES;
				ARCHS = "$(ARCHS_STANDARD_64_BIT)";
				CLANG_CXX_LANGUAGE_STANDARD = "c++0x";
				CLANG_CXX_LIBRARY = "libc++";
				GCC_INLINES_ARE_PRIVATE_EXTERN = NO;
				GCC_PRECOMPILE_PREFIX_HEADER = YES;
				GCC_PREFIX_HEADER = mac/Prefix.pch;
				GCC_PREPROCESSOR_DEFINITIONS = (
					USE_FILE32API,
					"CC_ENABLE_CHIPMUNK_INTEGRATION=1",
					NDEBUG,
				);
				GCC_SYMBOLS_PRIVATE_EXTERN = NO;
				HEADER_SEARCH_PATHS = (
					"$(inherited)",
					"$(SRCROOT)/../cocos2d/external/glfw3/include/mac",
				);
				INFOPLIST_FILE = mac/Info.plist;
				LIBRARY_SEARCH_PATHS = "";
				OTHER_LDFLAGS = (
					"$(_COCOS_LIB_MAC_BEGIN)",
					"$(_COCOS_LIB_MAC_END)",
				);
				USER_HEADER_SEARCH_PATHS = "$(_COCOS_HEADER_MAC_BEGIN) $(_COCOS_HEADER_MAC_END)";
			};
			name = Release;
		};
		C01FCF4F08A954540054247B /* Debug */ = {
			isa = XCBuildConfiguration;
			buildSettings = {
				CLANG_CXX_LANGUAGE_STANDARD = "c++0x";
				CLANG_CXX_LIBRARY = "libc++";
				COPY_PHASE_STRIP = NO;
				GCC_OPTIMIZATION_LEVEL = 0;
				GCC_WARN_ABOUT_RETURN_TYPE = YES;
				GCC_WARN_UNUSED_VARIABLE = YES;
				HEADER_SEARCH_PATHS = (
					"$(SRCROOT)/../cocos2d",
					"$(SRCROOT)/../cocos2d/cocos/audio/include",
					"$(SRCROOT)/../cocos2d/cocos",
					"$(SRCROOT)/../cocos2d/extensions",
					"$(SRCROOT)/../cocos2d/external",
					"$(SRCROOT)/../cocos2d/external/chipmunk/include/chipmunk",
					"$(SRCROOT)/../cocos2d/cocos/editor-support",
				);
				IPHONEOS_DEPLOYMENT_TARGET = 6.0;
				MACOSX_DEPLOYMENT_TARGET = 10.7;
				ONLY_ACTIVE_ARCH = YES;
				PRODUCT_NAME = "$(TARGET_NAME)";
				SDKROOT = macosx;
			};
			name = Debug;
		};
		C01FCF5008A954540054247B /* Release */ = {
			isa = XCBuildConfiguration;
			buildSettings = {
				CLANG_CXX_LANGUAGE_STANDARD = "c++0x";
				CLANG_CXX_LIBRARY = "libc++";
				GCC_WARN_ABOUT_RETURN_TYPE = YES;
				GCC_WARN_UNUSED_VARIABLE = YES;
				HEADER_SEARCH_PATHS = (
					"$(SRCROOT)/../cocos2d",
					"$(SRCROOT)/../cocos2d/cocos/audio/include",
					"$(SRCROOT)/../cocos2d/cocos",
					"$(SRCROOT)/../cocos2d/extensions",
					"$(SRCROOT)/../cocos2d/external",
					"$(SRCROOT)/../cocos2d/external/chipmunk/include/chipmunk",
					"$(SRCROOT)/../cocos2d/cocos/editor-support",
				);
				IPHONEOS_DEPLOYMENT_TARGET = 6.0;
				MACOSX_DEPLOYMENT_TARGET = 10.7;
				OTHER_CFLAGS = "-DNS_BLOCK_ASSERTIONS=1";
				PRODUCT_NAME = "$(TARGET_NAME)";
				SDKROOT = macosx;
				VALIDATE_PRODUCT = YES;
			};
			name = Release;
		};
/* End XCBuildConfiguration section */

/* Begin XCConfigurationList section */
		1D6058960D05DD3E006BFB54 /* Build configuration list for PBXNativeTarget "ChineseOfficialMahjongHelper-mobile" */ = {
			isa = XCConfigurationList;
			buildConfigurations = (
				1D6058940D05DD3E006BFB54 /* Debug */,
				1D6058950D05DD3E006BFB54 /* Release */,
			);
			defaultConfigurationIsVisible = 0;
			defaultConfigurationName = Debug;
		};
		5087E76C17EB910900C73F5D /* Build configuration list for PBXNativeTarget "ChineseOfficialMahjongHelper-desktop" */ = {
			isa = XCConfigurationList;
			buildConfigurations = (
				5087E76D17EB910900C73F5D /* Debug */,
				5087E76E17EB910900C73F5D /* Release */,
			);
			defaultConfigurationIsVisible = 0;
			defaultConfigurationName = Debug;
		};
		C01FCF4E08A954540054247B /* Build configuration list for PBXProject "ChineseOfficialMahjongHelper" */ = {
			isa = XCConfigurationList;
			buildConfigurations = (
				C01FCF4F08A954540054247B /* Debug */,
				C01FCF5008A954540054247B /* Release */,
			);
			defaultConfigurationIsVisible = 0;
			defaultConfigurationName = Debug;
		};
/* End XCConfigurationList section */
	};
	rootObject = 29B97313FDCFA39411CA2CEA /* Project object */;
}
