<?xml version="1.0" encoding="utf-8"?>
<Project ToolsVersion="14.0" xmlns="http://schemas.microsoft.com/developer/msbuild/2003">
  <ItemGroup>
    <Filter Include="Common">
      <UniqueIdentifier>187d3e60-961a-41ee-bc18-c510a431d22e</UniqueIdentifier>
    </Filter>
    <Filter Include="Assets">
      <UniqueIdentifier>f8868b9a-1bec-48df-b4b6-294815dc7a5d</UniqueIdentifier>
      <Extensions>bmp;fbx;gif;jpg;jpeg;tga;tiff;tif;png</Extensions>
    </Filter>
    <Filter Include="Cocos2dEngine">
      <UniqueIdentifier>{6b9ca606-5a38-4479-a7ec-01bdfeda67bc}</UniqueIdentifier>
    </Filter>
    <Filter Include="Classes">
      <UniqueIdentifier>{a18967bc-4fa1-4c67-bf7e-3f9c8b6a1129}</UniqueIdentifier>
    </Filter>
    <Filter Include="Classes\cocos-wheels">
      <UniqueIdentifier>{e4d86c3d-002e-45d1-a96c-e6bbc7163a40}</UniqueIdentifier>
    </Filter>
    <Filter Include="Classes\CompetitionSystem">
      <UniqueIdentifier>{fc0d8098-87b5-4188-b7e9-6b01aa1d33c4}</UniqueIdentifier>
    </Filter>
    <Filter Include="Classes\FanCalculator">
      <UniqueIdentifier>{d74b0c0a-95fa-4801-b581-23a910fd8143}</UniqueIdentifier>
    </Filter>
    <Filter Include="Classes\FanTable">
      <UniqueIdentifier>{22e817f3-066b-43a2-baee-cbfb5aff9b9b}</UniqueIdentifier>
    </Filter>
    <Filter Include="Classes\LastestCompetition">
      <UniqueIdentifier>{29a8342e-4bff-4ffb-ba80-e7543464adaa}</UniqueIdentifier>
    </Filter>
    <Filter Include="Classes\mahjong-algorithm">
      <UniqueIdentifier>{1be7c848-dca1-4806-9df9-30b2c349cdf3}</UniqueIdentifier>
    </Filter>
    <Filter Include="Classes\MahjongTheory">
      <UniqueIdentifier>{e1dbc7dd-de64-4259-909e-be6ffeeb2c8a}</UniqueIdentifier>
    </Filter>
    <Filter Include="Classes\Other">
      <UniqueIdentifier>{875d831d-35c2-49f1-851e-ec8a08795b2b}</UniqueIdentifier>
    </Filter>
    <Filter Include="Classes\ScoreSheet">
      <UniqueIdentifier>{d259cdbb-3fd5-4923-bb04-6ca63720ba34}</UniqueIdentifier>
    </Filter>
    <Filter Include="Classes\utils">
      <UniqueIdentifier>{ce04f426-024b-4224-b40f-dfdf6aff5b5d}</UniqueIdentifier>
    </Filter>
    <Filter Include="Classes\widget">
      <UniqueIdentifier>{1cde9bb1-9467-4604-bda5-d8b5de0e6acb}</UniqueIdentifier>
    </Filter>
  </ItemGroup>
  <ItemGroup>
    <ApplicationDefinition Include="App.xaml" />
  </ItemGroup>
  <ItemGroup>
    <ClCompile Include="App.xaml.cpp" />
    <ClCompile Include="Cocos2dEngine\Cocos2dRenderer.cpp">
      <Filter>Cocos2dEngine</Filter>
    </ClCompile>
    <ClCompile Include="Cocos2dEngine\OpenGLES.cpp">
      <Filter>Cocos2dEngine</Filter>
    </ClCompile>
    <ClCompile Include="pch.cpp" />
    <ClCompile Include="Cocos2dEngine\OpenGLESPage.xaml.cpp" />
    <ClCompile Include="..\..\Classes\AppDelegate.cpp">
      <Filter>Classes</Filter>
    </ClCompile>
    <ClCompile Include="..\..\Classes\cocos-wheels\CWTableView.cpp">
      <Filter>Classes\cocos-wheels</Filter>
    </ClCompile>
    <ClCompile Include="..\..\Classes\CompetitionSystem\Competition.cpp">
      <Filter>Classes\CompetitionSystem</Filter>
    </ClCompile>
    <ClCompile Include="..\..\Classes\CompetitionSystem\CompetitionEnrollScene.cpp">
      <Filter>Classes\CompetitionSystem</Filter>
    </ClCompile>
    <ClCompile Include="..\..\Classes\CompetitionSystem\CompetitionMainScene.cpp">
      <Filter>Classes\CompetitionSystem</Filter>
    </ClCompile>
    <ClCompile Include="..\..\Classes\CompetitionSystem\CompetitionRankCustomScene.cpp">
      <Filter>Classes\CompetitionSystem</Filter>
    </ClCompile>
    <ClCompile Include="..\..\Classes\CompetitionSystem\CompetitionRoundScene.cpp">
      <Filter>Classes\CompetitionSystem</Filter>
    </ClCompile>
    <ClCompile Include="..\..\Classes\CompetitionSystem\CompetitionTableScene.cpp">
      <Filter>Classes\CompetitionSystem</Filter>
    </ClCompile>
    <ClCompile Include="..\..\Classes\FanCalculator\FanCalculatorScene.cpp">
      <Filter>Classes\FanCalculator</Filter>
    </ClCompile>
    <ClCompile Include="..\..\Classes\FanTable\FanDefinitionScene.cpp">
      <Filter>Classes\FanTable</Filter>
    </ClCompile>
    <ClCompile Include="..\..\Classes\FanTable\FanTableScene.cpp">
      <Filter>Classes\FanTable</Filter>
    </ClCompile>
    <ClCompile Include="..\..\Classes\HelloWorldScene.cpp">
      <Filter>Classes</Filter>
    </ClCompile>
    <ClCompile Include="..\..\Classes\LatestCompetition\LatestCompetitionScene.cpp">
      <Filter>Classes\LastestCompetition</Filter>
    </ClCompile>
    <ClCompile Include="..\..\Classes\mahjong-algorithm\fan_calculator.cpp">
      <Filter>Classes\mahjong-algorithm</Filter>
    </ClCompile>
    <ClCompile Include="..\..\Classes\mahjong-algorithm\shanten.cpp">
      <Filter>Classes\mahjong-algorithm</Filter>
    </ClCompile>
    <ClCompile Include="..\..\Classes\mahjong-algorithm\stringify.cpp">
      <Filter>Classes\mahjong-algorithm</Filter>
    </ClCompile>
    <ClCompile Include="..\..\Classes\MahjongTheory\MahjongTheoryScene.cpp">
      <Filter>Classes\MahjongTheory</Filter>
    </ClCompile>
    <ClCompile Include="..\..\Classes\Other\OtherScene.cpp">
      <Filter>Classes\Other</Filter>
    </ClCompile>
    <ClCompile Include="..\..\Classes\ScoreSheet\HistoryScene.cpp">
      <Filter>Classes\ScoreSheet</Filter>
    </ClCompile>
    <ClCompile Include="..\..\Classes\ScoreSheet\Record.cpp">
      <Filter>Classes\ScoreSheet</Filter>
    </ClCompile>
    <ClCompile Include="..\..\Classes\ScoreSheet\RecordScene.cpp">
      <Filter>Classes\ScoreSheet</Filter>
    </ClCompile>
    <ClCompile Include="..\..\Classes\ScoreSheet\ScoreSheetScene.cpp">
      <Filter>Classes\ScoreSheet</Filter>
    </ClCompile>
    <ClCompile Include="..\..\Classes\utils\common.cpp">
      <Filter>Classes\utils</Filter>
    </ClCompile>
    <ClCompile Include="..\..\Classes\widget\AlertView.cpp">
      <Filter>Classes\widget</Filter>
    </ClCompile>
    <ClCompile Include="..\..\Classes\widget\ExtraInfoWidget.cpp">
      <Filter>Classes\widget</Filter>
    </ClCompile>
    <ClCompile Include="..\..\Classes\widget\HandTilesWidget.cpp">
      <Filter>Classes\widget</Filter>
    </ClCompile>
    <ClCompile Include="..\..\Classes\widget\TilePickWidget.cpp">
      <Filter>Classes\widget</Filter>
    </ClCompile>
    <ClCompile Include="..\..\Classes\widget\TilesKeyboard.cpp">
      <Filter>Classes\widget</Filter>
    </ClCompile>
  </ItemGroup>
  <ItemGroup>
    <ClInclude Include="App.xaml.h" />
    <ClInclude Include="Cocos2dEngine\Cocos2dRenderer.h">
      <Filter>Cocos2dEngine</Filter>
    </ClInclude>
    <ClInclude Include="Cocos2dEngine\OpenGLES.h">
      <Filter>Cocos2dEngine</Filter>
    </ClInclude>
    <ClInclude Include="pch.h" />
    <ClInclude Include="Cocos2dEngine\OpenGLESPage.xaml.h" />
    <ClInclude Include="..\..\Classes\AppDelegate.h">
      <Filter>Classes</Filter>
    </ClInclude>
    <ClInclude Include="..\..\Classes\BaseScene.h">
      <Filter>Classes</Filter>
    </ClInclude>
    <ClInclude Include="..\..\Classes\cocos-wheels\CWEditBoxDelegate.h">
      <Filter>Classes\cocos-wheels</Filter>
    </ClInclude>
    <ClInclude Include="..\..\Classes\cocos-wheels\CWTableView.h">
      <Filter>Classes\cocos-wheels</Filter>
    <ClInclude Include="..\..\Classes\CompetitionSystem\Competition.h">
      <Filter>Classes\CompetitionSystem</Filter>
    </ClInclude>
    <ClInclude Include="..\..\Classes\CompetitionSystem\CompetitionEnrollScene.h">
      <Filter>Classes\CompetitionSystem</Filter>
    </ClInclude>
    <ClInclude Include="..\..\Classes\CompetitionSystem\CompetitionMainScene.h">
      <Filter>Classes\CompetitionSystem</Filter>
    </ClInclude>
    <ClInclude Include="..\..\Classes\CompetitionSystem\CompetitionRankCustomScene.h">
      <Filter>Classes\CompetitionSystem</Filter>
    </ClInclude>
    <ClInclude Include="..\..\Classes\CompetitionSystem\CompetitionRoundScene.h">
      <Filter>Classes\CompetitionSystem</Filter>
    </ClInclude>
    <ClInclude Include="..\..\Classes\CompetitionSystem\CompetitionTableScene.h">
      <Filter>Classes\CompetitionSystem</Filter>
    </ClInclude>
    <ClInclude Include="..\..\Classes\FanCalculator\FanCalculatorScene.h">
      <Filter>Classes\FanCalculator</Filter>
    </ClInclude>
    <ClInclude Include="..\..\Classes\FanTable\FanDefinitionScene.h">
      <Filter>Classes\FanTable</Filter>
    </ClInclude>
    <ClInclude Include="..\..\Classes\FanTable\FanTableScene.h">
      <Filter>Classes\FanTable</Filter>
    </ClInclude>
    <ClInclude Include="..\..\Classes\HelloWorldScene.h">
      <Filter>Classes</Filter>
    </ClInclude>
    <ClInclude Include="..\..\Classes\LatestCompetition\LatestCompetitionScene.h">
      <Filter>Classes\LastestCompetition</Filter>
    </ClInclude>
    <ClInclude Include="..\..\Classes\mahjong-algorithm\fan_calculator.h">
      <Filter>Classes\mahjong-algorithm</Filter>
    </ClInclude>
    <ClInclude Include="..\..\Classes\mahjong-algorithm\shanten.h">
      <Filter>Classes\mahjong-algorithm</Filter>
    </ClInclude>
    <ClInclude Include="..\..\Classes\mahjong-algorithm\stringify.h">
      <Filter>Classes\mahjong-algorithm</Filter>
    </ClInclude>
    <ClInclude Include="..\..\Classes\mahjong-algorithm\tile.h">
      <Filter>Classes\mahjong-algorithm</Filter>
    </ClInclude>
    <ClInclude Include="..\..\Classes\MahjongTheory\MahjongTheoryScene.h">
      <Filter>Classes\MahjongTheory</Filter>
    </ClInclude>
    <ClInclude Include="..\..\Classes\Other\OtherScene.h">
      <Filter>Classes\Other</Filter>
    </ClInclude>
    <ClInclude Include="..\..\Classes\ScoreSheet\HistoryScene.h">
      <Filter>Classes\ScoreSheet</Filter>
    </ClInclude>
    <ClInclude Include="..\..\Classes\ScoreSheet\Record.h">
      <Filter>Classes\ScoreSheet</Filter>
    </ClInclude>
    <ClInclude Include="..\..\Classes\ScoreSheet\RecordScene.h">
      <Filter>Classes\ScoreSheet</Filter>
    </ClInclude>
    <ClInclude Include="..\..\Classes\ScoreSheet\ScoreSheetScene.h">
      <Filter>Classes\ScoreSheet</Filter>
    </ClInclude>
    <ClInclude Include="..\..\Classes\TilesImage.h">
      <Filter>Classes</Filter>
    </ClInclude>
    <ClInclude Include="..\..\Classes\utils\common.h">
      <Filter>Classes\utils</Filter>
    </ClInclude>
    <ClInclude Include="..\..\Classes\utils\compiler.h">
      <Filter>Classes\utils</Filter>
    </ClInclude>
    <ClInclude Include="..\..\Classes\widget\AlertView.h">
      <Filter>Classes\widget</Filter>
    </ClInclude>
    <ClInclude Include="..\..\Classes\widget\ExtraInfoWidget.h">
      <Filter>Classes\widget</Filter>
    </ClInclude>
    <ClInclude Include="..\..\Classes\widget\HandTilesWidget.h">
      <Filter>Classes\widget</Filter>
    </ClInclude>
    <ClInclude Include="..\..\Classes\widget\LoadingView.h">
      <Filter>Classes\widget</Filter>
    </ClInclude>
    <ClInclude Include="..\..\Classes\widget\TilePickWidget.h">
      <Filter>Classes\widget</Filter>
    </ClInclude>
    <ClInclude Include="..\..\Classes\widget\TilesKeyboard.h">
      <Filter>Classes\widget</Filter>
    </ClInclude>
  </ItemGroup>
  <ItemGroup>
    <AppxManifest Include="Package.appxmanifest" />
  </ItemGroup>
  <ItemGroup>
    <None Include="ChineseOfficialMahjongHelper_TemporaryKey.pfx" />
    <None Include="$(AngleBinPath)libEGL.dll" />
    <None Include="$(AngleBinPath)libGLESv2.dll" />
    <None Include="$(ZLibBinPath)zlib.dll" />
    <None Include="$(SQLiteBinPath)sqlite3.dll" />
    <None Include="$(OggBinPath)libogg.dll" />
    <None Include="$(OggBinPath)libvorbis.dll" />
    <None Include="$(OggBinPath)libvorbisfile.dll" />
    <None Include="$(CurlBinPath)libcurl.dll" />
    <None Include="$(CurlBinPath)libeay32.dll" />
    <None Include="$(CurlBinPath)ssleay32.dll" />
  </ItemGroup>
  <ItemGroup>
    <Page Include="Cocos2dEngine\OpenGLESPage.xaml">
      <Filter>Cocos2dEngine</Filter>
    </Page>
  </ItemGroup>
  <ItemGroup>
    <Image Include="Assets\LockScreenLogo.scale-200.png">
      <Filter>Assets</Filter>
    </Image>
    <Image Include="Assets\SplashScreen.scale-200.png">
      <Filter>Assets</Filter>
    </Image>
    <Image Include="Assets\Square44x44Logo.scale-200.png">
      <Filter>Assets</Filter>
    </Image>
    <Image Include="Assets\Square44x44Logo.targetsize-24_altform-unplated.png">
      <Filter>Assets</Filter>
    </Image>
    <Image Include="Assets\Square150x150Logo.scale-200.png">
      <Filter>Assets</Filter>
    </Image>
    <Image Include="Assets\StoreLogo.png">
      <Filter>Assets</Filter>
    </Image>
    <Image Include="Assets\Wide310x150Logo.scale-200.png">
      <Filter>Assets</Filter>
    </Image>
  </ItemGroup>
</Project>