<?xml version="1.0" encoding="utf-8"?>
<Project ToolsVersion="4.0" xmlns="http://schemas.microsoft.com/developer/msbuild/2003">
  <ItemGroup>
    <Filter Include="win32">
      <UniqueIdentifier>{84a8ebd7-7cf0-47f6-b75e-d441df67da40}</UniqueIdentifier>
    </Filter>
    <Filter Include="resource">
      <UniqueIdentifier>{715254bc-d70b-4ec5-bf29-467dd3ace079}</UniqueIdentifier>
    </Filter>
    <Filter Include="src">
      <UniqueIdentifier>{bb6c862e-70e9-49d9-81b7-3829a6f50471}</UniqueIdentifier>
    </Filter>
    <Filter Include="src\cocos-wheels">
      <UniqueIdentifier>{069be9d5-bc9f-45f0-9357-fbd661ca6f96}</UniqueIdentifier>
    </Filter>
    <Filter Include="src\CompetitionSystem">
      <UniqueIdentifier>{ec2ebec7-c428-4bb6-8308-3e4f802a6fe0}</UniqueIdentifier>
    </Filter>
    <Filter Include="src\FanCalculator">
      <UniqueIdentifier>{ee88c5ab-d66e-486f-9367-a564efe30b78}</UniqueIdentifier>
    </Filter>
    <Filter Include="src\FanTable">
      <UniqueIdentifier>{c45dcad3-107b-4c78-a709-2ca8c957501f}</UniqueIdentifier>
    </Filter>
    <Filter Include="src\LatestCompetition">
      <UniqueIdentifier>{0c098f96-90e5-4fd6-87d0-c74d284ea39a}</UniqueIdentifier>
    </Filter>
    <Filter Include="src\mahjong-algorithm">
      <UniqueIdentifier>{b30a3da7-0281-44fa-b97c-3fef043608b1}</UniqueIdentifier>
    </Filter>
    <Filter Include="src\MahjongTheory">
      <UniqueIdentifier>{0d3ab171-ddea-44a5-bacd-63f9043728ea}</UniqueIdentifier>
    </Filter>
    <Filter Include="src\LatestCompetition">
      <UniqueIdentifier>{0c098f96-90e5-4fd6-87d0-c74d284ea39a}</UniqueIdentifier>
    </Filter>
    <Filter Include="src\Other">
      <UniqueIdentifier>{70992fc8-7be4-4c25-907b-0ae6ce812762}</UniqueIdentifier>
    </Filter>
    <Filter Include="src\RecordSystem">
      <UniqueIdentifier>{c70d58d3-f21e-45b5-8fdb-54c4d378ccfa}</UniqueIdentifier>
    </Filter>
    <Filter Include="src\utils">
      <UniqueIdentifier>{57936c23-410a-4c04-8a19-6f3859e6f844}</UniqueIdentifier>
    </Filter>
    <Filter Include="src\widget">
      <UniqueIdentifier>{2f551755-0a71-4dde-9a7d-314583535ec8}</UniqueIdentifier>
    </Filter>
  </ItemGroup>
  <ItemGroup>
    <ClCompile Include="main.cpp">
      <Filter>win32</Filter>
    </ClCompile>
    <ClCompile Include="..\Classes\AppDelegate.cpp">
      <Filter>src</Filter>
    </ClCompile>
    <ClCompile Include="..\Classes\cocos-wheels\CWCommon.cpp">
      <Filter>src\cocos-wheels</Filter>
    </ClCompile>
    <ClCompile Include="..\Classes\cocos-wheels\CWTableView.cpp">
      <Filter>src\cocos-wheels</Filter>
    </ClCompile>
    <ClCompile Include="..\Classes\CompetitionSystem\Competition.cpp">
      <Filter>src\CompetitionSystem</Filter>
    </ClCompile>
    <ClCompile Include="..\Classes\CompetitionSystem\CompetitionEnrollScene.cpp">
      <Filter>src\CompetitionSystem</Filter>
    </ClCompile>
    <ClCompile Include="..\Classes\CompetitionSystem\CompetitionHistoryScene.cpp">
      <Filter>src\CompetitionSystem</Filter>
    </ClCompile>
    <ClCompile Include="..\Classes\CompetitionSystem\CompetitionMainScene.cpp">
      <Filter>src\CompetitionSystem</Filter>
    </ClCompile>
    <ClCompile Include="..\Classes\CompetitionSystem\CompetitionRankCustomScene.cpp">
      <Filter>src\CompetitionSystem</Filter>
    </ClCompile>
    <ClCompile Include="..\Classes\CompetitionSystem\CompetitionRoundScene.cpp">
      <Filter>src\CompetitionSystem</Filter>
    </ClCompile>
    <ClCompile Include="..\Classes\CompetitionSystem\CompetitionTableScene.cpp">
      <Filter>src\CompetitionSystem</Filter>
    </ClCompile>
    <ClCompile Include="..\Classes\FanCalculator\FanCalculatorScene.cpp">
      <Filter>src\FanCalculator</Filter>
    </ClCompile>
    <ClCompile Include="..\Classes\FanTable\FanDefinitionScene.cpp">
      <Filter>src\FanTable</Filter>
    </ClCompile>
    <ClCompile Include="..\Classes\FanTable\FanTableScene.cpp">
      <Filter>src\FanTable</Filter>
    </ClCompile>
    <ClCompile Include="..\Classes\HelloWorldScene.cpp">
      <Filter>src</Filter>
    </ClCompile>
    <ClCompile Include="..\Classes\LatestCompetition\LatestCompetitionScene.cpp">
      <Filter>src\LatestCompetition</Filter>
    </ClCompile>
    <ClCompile Include="..\Classes\mahjong-algorithm\fan_calculator.cpp">
      <Filter>src\mahjong-algorithm</Filter>
    </ClCompile>
    <ClCompile Include="..\Classes\mahjong-algorithm\shanten.cpp">
      <Filter>src\mahjong-algorithm</Filter>
    </ClCompile>
    <ClCompile Include="..\Classes\mahjong-algorithm\stringify.cpp">
      <Filter>src\mahjong-algorithm</Filter>
    </ClCompile>
    <ClCompile Include="..\Classes\MahjongTheory\MahjongTheoryScene.cpp">
      <Filter>src\MahjongTheory</Filter>
    </ClCompile>
    <ClCompile Include="..\Classes\Other\OtherScene.cpp">
      <Filter>src\Other</Filter>
    </ClCompile>
    <ClCompile Include="..\Classes\RecordSystem\Record.cpp">
      <Filter>src\RecordSystem</Filter>
    </ClCompile>
    <ClCompile Include="..\Classes\RecordSystem\RecordHistoryScene.cpp">
      <Filter>src\RecordSystem</Filter>
    </ClCompile>
    <ClCompile Include="..\Classes\RecordSystem\RecordScene.cpp">
      <Filter>src\RecordSystem</Filter>
    </ClCompile>
    <ClCompile Include="..\Classes\RecordSystem\ScoreSheetScene.cpp">
      <Filter>src\RecordSystem</Filter>
    </ClCompile>
    <ClCompile Include="..\Classes\utils\common.cpp">
      <Filter>src\utils</Filter>
    </ClCompile>
    <ClCompile Include="..\Classes\widget\AlertView.cpp">
      <Filter>src\widget</Filter>
    </ClCompile>
    <ClCompile Include="..\Classes\widget\ExtraInfoWidget.cpp">
      <Filter>src\widget</Filter>
    </ClCompile>
    <ClCompile Include="..\Classes\widget\HandTilesWidget.cpp">
      <Filter>src\widget</Filter>
    </ClCompile>
    <ClCompile Include="..\Classes\widget\TilePickWidget.cpp">
      <Filter>src\widget</Filter>
    </ClCompile>
  </ItemGroup>
  <ItemGroup>
    <ClInclude Include="main.h">
      <Filter>win32</Filter>
    </ClInclude>
    <ClInclude Include="..\Classes\AppDelegate.h">
      <Filter>src</Filter>
    </ClInclude>
    <ClInclude Include="..\Classes\BaseScene.h">
      <Filter>src</Filter>
    </ClInclude>
    <ClInclude Include="..\Classes\cocos-wheels\CWCommon.h">
      <Filter>src\cocos-wheels</Filter>
    </ClInclude>
    <ClInclude Include="..\Classes\cocos-wheels\CWTableView.h">
      <Filter>src\cocos-wheels</Filter>
    </ClInclude>
    <ClInclude Include="..\Classes\CompetitionSystem\Competition.h">
      <Filter>src\CompetitionSystem</Filter>
    </ClInclude>
    <ClInclude Include="..\Classes\CompetitionSystem\CompetitionEnrollScene.h">
      <Filter>src\CompetitionSystem</Filter>
    </ClInclude>
    <ClInclude Include="..\Classes\CompetitionSystem\CompetitionHistoryScene.h">
      <Filter>src\CompetitionSystem</Filter>
    </ClInclude>
    <ClInclude Include="..\Classes\CompetitionSystem\CompetitionMainScene.h">
      <Filter>src\CompetitionSystem</Filter>
    </ClInclude>
    <ClInclude Include="..\Classes\CompetitionSystem\CompetitionRankCustomScene.h">
      <Filter>src\CompetitionSystem</Filter>
    </ClInclude>
    <ClInclude Include="..\Classes\CompetitionSystem\CompetitionRoundScene.h">
      <Filter>src\CompetitionSystem</Filter>
    </ClInclude>
    <ClInclude Include="..\Classes\CompetitionSystem\CompetitionTableScene.h">
      <Filter>src\CompetitionSystem</Filter>
    </ClInclude>
    <ClInclude Include="..\Classes\CompetitionSystem\EditBoxDelegateWrapper.hpp">
      <Filter>src\CompetitionSystem</Filter>
    </ClInclude>
    <ClInclude Include="..\Classes\FanTable\FanDefinitionScene.h">
      <Filter>src\FanTable</Filter>
    </ClInclude>
    <ClInclude Include="..\Classes\FanTable\FanTableScene.h">
      <Filter>src\FanTable</Filter>
    </ClInclude>
    <ClInclude Include="..\Classes\FanCalculator\FanCalculatorScene.h">
      <Filter>src\FanCalculator</Filter>
    </ClInclude>
    <ClInclude Include="..\Classes\HelloWorldScene.h">
      <Filter>src</Filter>
    </ClInclude>
    <ClInclude Include="..\Classes\LatestCompetition\LatestCompetitionScene.h">
      <Filter>src\LatestCompetition</Filter>
    </ClInclude>
    <ClInclude Include="..\Classes\mahjong-algorithm\fan_calculator.h">
      <Filter>src\mahjong-algorithm</Filter>
    </ClInclude>
    <ClInclude Include="..\Classes\mahjong-algorithm\shanten.h">
      <Filter>src\mahjong-algorithm</Filter>
    </ClInclude>
    <ClInclude Include="..\Classes\mahjong-algorithm\standard_tiles.h">
      <Filter>src\mahjong-algorithm</Filter>
    </ClInclude>
    <ClInclude Include="..\Classes\mahjong-algorithm\stringify.h">
      <Filter>src\mahjong-algorithm</Filter>
    </ClInclude>
    <ClInclude Include="..\Classes\mahjong-algorithm\tile.h">
      <Filter>src\mahjong-algorithm</Filter>
    </ClInclude>
    <ClInclude Include="..\Classes\MahjongTheory\MahjongTheoryScene.h">
      <Filter>src\MahjongTheory</Filter>
    </ClInclude>
    <ClInclude Include="..\Classes\Other\OtherScene.h">
      <Filter>src\Other</Filter>
    </ClInclude>
    <ClInclude Include="..\Classes\RecordSystem\Record.h">
      <Filter>src\RecordSystem</Filter>
    </ClInclude>
    <ClInclude Include="..\Classes\RecordSystem\RecordHistoryScene.h">
      <Filter>src\RecordSystem</Filter>
    </ClInclude>
    <ClInclude Include="..\Classes\RecordSystem\RecordScene.h">
      <Filter>src\RecordSystem</Filter>
    </ClInclude>
    <ClInclude Include="..\Classes\RecordSystem\ScoreSheetScene.h">
      <Filter>src\RecordSystem</Filter>
    </ClInclude>
    <ClInclude Include="..\Classes\TilesImage.h">
      <Filter>src</Filter>
    </ClInclude>
    <ClInclude Include="..\Classes\utils\common.h">
      <Filter>src\utils</Filter>
    </ClInclude>
    <ClInclude Include="..\Classes\utils\compiler.h">
      <Filter>src\utils</Filter>
    </ClInclude>
    <ClInclude Include="..\Classes\widget\AlertView.h">
      <Filter>src\widget</Filter>
    </ClInclude>
    <ClInclude Include="..\Classes\widget\ExtraInfoWidget.h">
      <Filter>src\widget</Filter>
    </ClInclude>
    <ClInclude Include="..\Classes\widget\HandTilesWidget.h">
      <Filter>src\widget</Filter>
    </ClInclude>
    <ClInclude Include="..\Classes\widget\LoadingView.h">
      <Filter>src\widget</Filter>
    </ClInclude>
    <ClInclude Include="..\Classes\widget\TilePickWidget.h">
      <Filter>src\widget</Filter>
    </ClInclude>
  </ItemGroup>
  <ItemGroup>
    <ResourceCompile Include="game.rc">
      <Filter>resource</Filter>
    </ResourceCompile>
  </ItemGroup>
</Project>