<?xml version="1.0" encoding="utf-8"?>
<Project ToolsVersion="4.0" xmlns="http://schemas.microsoft.com/developer/msbuild/2003">
  <ItemGroup>
    <Filter Include="win32">
      <UniqueIdentifier>{84a8ebd7-7cf0-47f6-b75e-d441df67da40}</UniqueIdentifier>
    </Filter>
    <Filter Include="resource">
      <UniqueIdentifier>{715254bc-d70b-4ec5-bf29-467dd3ace079}</UniqueIdentifier>
    </Filter>
    <Filter Include="src">
      <UniqueIdentifier>{bb6c862e-70e9-49d9-81b7-3829a6f50471}</UniqueIdentifier>
    </Filter>
    <Filter Include="src\mahjong-algorithm">
      <UniqueIdentifier>{b30a3da7-0281-44fa-b97c-3fef043608b1}</UniqueIdentifier>
    </Filter>
    <Filter Include="src\ScoreSheet">
      <UniqueIdentifier>{c70d58d3-f21e-45b5-8fdb-54c4d378ccfa}</UniqueIdentifier>
    </Filter>
    <Filter Include="src\PointsCalculator">
      <UniqueIdentifier>{ee88c5ab-d66e-486f-9367-a564efe30b78}</UniqueIdentifier>
    </Filter>
  </ItemGroup>
  <ItemGroup>
    <ClCompile Include="main.cpp">
      <Filter>win32</Filter>
    </ClCompile>
    <ClCompile Include="..\Classes\AppDelegate.cpp">
      <Filter>src</Filter>
    </ClCompile>
    <ClCompile Include="..\Classes\HelloWorldScene.cpp">
      <Filter>src</Filter>
    </ClCompile>
    <ClCompile Include="..\Classes\mahjong-algorithm\points_calculator.cpp">
      <Filter>src\mahjong-algorithm</Filter>
    </ClCompile>
    <ClCompile Include="..\Classes\mahjong-algorithm\wait_and_win_test.cpp">
      <Filter>src\mahjong-algorithm</Filter>
    </ClCompile>
    <ClCompile Include="..\Classes\PointsCalculator\PointsCalculatorScene.cpp">
      <Filter>src\PointsCalculator</Filter>
    </ClCompile>
    <ClCompile Include="..\Classes\ScoreSheet\ScoreSheetScene.cpp">
      <Filter>src\ScoreSheet</Filter>
    </ClCompile>
    <ClCompile Include="..\Classes\ScoreSheet\RecordScene.cpp">
      <Filter>src\ScoreSheet</Filter>
    </ClCompile>
  </ItemGroup>
  <ItemGroup>
    <ClInclude Include="main.h">
      <Filter>win32</Filter>
    </ClInclude>
    <ClInclude Include="..\Classes\AppDelegate.h">
      <Filter>src</Filter>
    </ClInclude>
    <ClInclude Include="..\Classes\HelloWorldScene.h">
      <Filter>src</Filter>
    </ClInclude>
    <ClInclude Include="..\Classes\mahjong-algorithm\tile.h">
      <Filter>src\mahjong-algorithm</Filter>
    </ClInclude>
    <ClInclude Include="..\Classes\mahjong-algorithm\points_calculator.h">
      <Filter>src\mahjong-algorithm</Filter>
    </ClInclude>
    <ClInclude Include="..\Classes\mahjong-algorithm\wait_and_win_test.h">
      <Filter>src\mahjong-algorithm</Filter>
    </ClInclude>
    <ClInclude Include="..\Classes\PointsCalculator\PointsCalculatorScene.h">
      <Filter>src\PointsCalculator</Filter>
    </ClInclude>
    <ClInclude Include="..\Classes\ScoreSheet\ScoreSheetScene.h">
      <Filter>src\ScoreSheet</Filter>
    </ClInclude>
    <ClInclude Include="..\Classes\ScoreSheet\RecordScene.h">
      <Filter>src\ScoreSheet</Filter>
    </ClInclude>
  </ItemGroup>
  <ItemGroup>
    <ResourceCompile Include="game.rc">
      <Filter>resource</Filter>
    </ResourceCompile>
  </ItemGroup>
</Project>